PODS:
  - HDF5Kit (0.1.3)
  - Peak/AudioFile (1.2.4)
  - Peak/MIDI (1.2.4)
  - Upsurge (0.7.1)

DEPENDENCIES:
  - HDF5Kit (~> 0.1)
  - Peak/AudioFile (~> 1.2)
  - Peak/MIDI (~> 1.2)
  - Upsurge (~> 0.7.1)

SPEC CHECKSUMS:
  HDF5Kit: cbe31dce26fa36a64b133f712e1bedadd738f46c
  Peak: 893d4afa49b30709fe7a69139c190b3ad34e3dd0
  Upsurge: 16299acc49994efb47cb68249bb506565e0f8680

PODFILE CHECKSUM: 04dbb5f935098409b4763f72bd80698248b87bae

COCOAPODS: 1.0.0
