// !$*UTF8*$!
{
	archiveVersion = 1;
	classes = {
	};
	objectVersion = 46;
	objects = {

/* Begin PBXBuildFile section */
		091590795439C8D77212AB9B /* Pods_IntuneFeatures_iOS.framework in Frameworks */ = {isa = PBXBuildFile; fileRef = A4DE520461A2B04AF55A2FD3 /* Pods_IntuneFeatures_iOS.framework */; };
		5B0469B121ADDD1E694C28FD /* Pods_osx_IntuneFeaturesTests_OSX.framework in Frameworks */ = {isa = PBXBuildFile; fileRef = FB2BEFB358D549DB30B72514 /* Pods_osx_IntuneFeaturesTests_OSX.framework */; };
		610AAB851BDABEFA008CC910 /* Point.swift in Sources */ = {isa = PBXBuildFile; fileRef = 610AAB841BDABEFA008CC910 /* Point.swift */; };
		610E29B51C4D7847006B6016 /* Feature.swift in Sources */ = {isa = PBXBuildFile; fileRef = 610E29B41C4D7847006B6016 /* Feature.swift */; };
		610E29B61C4D7847006B6016 /* Feature.swift in Sources */ = {isa = PBXBuildFile; fileRef = 610E29B41C4D7847006B6016 /* Feature.swift */; };
		610E29B81C4D78AC006B6016 /* PeakExtractor.swift in Sources */ = {isa = PBXBuildFile; fileRef = 610E29B71C4D78AC006B6016 /* PeakExtractor.swift */; };
		610E29B91C4D78AC006B6016 /* PeakExtractor.swift in Sources */ = {isa = PBXBuildFile; fileRef = 610E29B71C4D78AC006B6016 /* PeakExtractor.swift */; };
		610E29BA1C4D78B6006B6016 /* FeatureGenerator.swift in Sources */ = {isa = PBXBuildFile; fileRef = 61A146061C4D75B60063FE84 /* FeatureGenerator.swift */; };
		610E29BB1C4D78B6006B6016 /* BandsFeatureGenerator.swift in Sources */ = {isa = PBXBuildFile; fileRef = 61A145FA1C4D759B0063FE84 /* BandsFeatureGenerator.swift */; };
		610E29BC1C4D78B6006B6016 /* PeakHeightsFeatureGenerator.swift in Sources */ = {isa = PBXBuildFile; fileRef = 61A145FB1C4D759B0063FE84 /* PeakHeightsFeatureGenerator.swift */; };
		610E29BF1C4D78B6006B6016 /* SpectrumFeatureGenerator.swift in Sources */ = {isa = PBXBuildFile; fileRef = 61A145FE1C4D759B0063FE84 /* SpectrumFeatureGenerator.swift */; };
		610E29C01C4D78B6006B6016 /* FluxFeatureGenerator.swift in Sources */ = {isa = PBXBuildFile; fileRef = 61A145FF1C4D759B0063FE84 /* FluxFeatureGenerator.swift */; };
		611756A21C407B930025446F /* NoteTests.swift in Sources */ = {isa = PBXBuildFile; fileRef = 610AAB661BD99737008CC910 /* NoteTests.swift */; };
		612131CF1CADCCAD00299E03 /* DecayModel.swift in Sources */ = {isa = PBXBuildFile; fileRef = 612131CB1CADC8E800299E03 /* DecayModel.swift */; };
		612131D01CADCCAD00299E03 /* DecayModel.swift in Sources */ = {isa = PBXBuildFile; fileRef = 612131CB1CADC8E800299E03 /* DecayModel.swift */; };
		613A92251CB56FEA00D9EEB8 /* note_curves.h5 in Resources */ = {isa = PBXBuildFile; fileRef = 613A92231CB56FEA00D9EEB8 /* note_curves.h5 */; };
		613A92261CB56FF300D9EEB8 /* note_curves.h5 in Resources */ = {isa = PBXBuildFile; fileRef = 613A92231CB56FEA00D9EEB8 /* note_curves.h5 */; };
		6141B1C41C6E538F0074BD8C /* Table.swift in Sources */ = {isa = PBXBuildFile; fileRef = 6141B1C31C6E538F0074BD8C /* Table.swift */; };
		6141B1C51C6E538F0074BD8C /* Table.swift in Sources */ = {isa = PBXBuildFile; fileRef = 6141B1C31C6E538F0074BD8C /* Table.swift */; };
		6141B1D41C6E5B200074BD8C /* Event.swift in Sources */ = {isa = PBXBuildFile; fileRef = 6141B1D31C6E5B200074BD8C /* Event.swift */; };
		6141B1D51C6E5B200074BD8C /* Event.swift in Sources */ = {isa = PBXBuildFile; fileRef = 6141B1D31C6E5B200074BD8C /* Event.swift */; };
		6141B1D71C6E5B290074BD8C /* Label.swift in Sources */ = {isa = PBXBuildFile; fileRef = 6141B1D61C6E5B290074BD8C /* Label.swift */; };
		6141B1D81C6E5B290074BD8C /* Label.swift in Sources */ = {isa = PBXBuildFile; fileRef = 6141B1D61C6E5B290074BD8C /* Label.swift */; };
		6141B1DA1C6E5C150074BD8C /* Window.swift in Sources */ = {isa = PBXBuildFile; fileRef = 6141B1D91C6E5C150074BD8C /* Window.swift */; };
		6141B1DB1C6E5C150074BD8C /* Window.swift in Sources */ = {isa = PBXBuildFile; fileRef = 6141B1D91C6E5C150074BD8C /* Window.swift */; };
		6180A7791C18ABFC00D63F00 /* IntuneFeatures.framework in Frameworks */ = {isa = PBXBuildFile; fileRef = 8C78456F1BB9B06600C88426 /* IntuneFeatures.framework */; };
		6180A7811C18AC0600D63F00 /* NoteTests.swift in Sources */ = {isa = PBXBuildFile; fileRef = 610AAB661BD99737008CC910 /* NoteTests.swift */; };
		61869FA21C8F4AF600FE4B14 /* PeakLocationsFeatureGenerator.swift in Sources */ = {isa = PBXBuildFile; fileRef = 61869FA11C8F4AF600FE4B14 /* PeakLocationsFeatureGenerator.swift */; };
		61869FA31C8F4AF600FE4B14 /* PeakLocationsFeatureGenerator.swift in Sources */ = {isa = PBXBuildFile; fileRef = 61869FA11C8F4AF600FE4B14 /* PeakLocationsFeatureGenerator.swift */; };
		618ACC0C1BE0686D008C23A8 /* Note.swift in Sources */ = {isa = PBXBuildFile; fileRef = 618ACC0B1BE0686D008C23A8 /* Note.swift */; };
		61936AC81CEE74A600603B95 /* main.swift in Sources */ = {isa = PBXBuildFile; fileRef = 61936AC71CEE74A600603B95 /* main.swift */; };
		61936AD01CEE74B200603B95 /* String+Paths.swift in Sources */ = {isa = PBXBuildFile; fileRef = 61936ACC1CEE74B200603B95 /* String+Paths.swift */; };
		61936AD11CEE74B200603B95 /* PolySequenceBuilder.swift in Sources */ = {isa = PBXBuildFile; fileRef = 61936ACD1CEE74B200603B95 /* PolySequenceBuilder.swift */; };
		61936AD21CEE74B200603B95 /* NoiseSequenceBuilder.swift in Sources */ = {isa = PBXBuildFile; fileRef = 61936ACE1CEE74B200603B95 /* NoiseSequenceBuilder.swift */; };
		61936AD31CEE74B200603B95 /* FeatureCompiler.swift in Sources */ = {isa = PBXBuildFile; fileRef = 61936ACF1CEE74B200603B95 /* FeatureCompiler.swift */; };
		61936AD61CEE74EC00603B95 /* IntuneFeatures.framework in Frameworks */ = {isa = PBXBuildFile; fileRef = 8C78456F1BB9B06600C88426 /* IntuneFeatures.framework */; };
		61936AD81CEE863300603B95 /* Builder.swift in Sources */ = {isa = PBXBuildFile; fileRef = 61936AD71CEE863300603B95 /* Builder.swift */; };
		61A146001C4D759B0063FE84 /* BandsFeatureGenerator.swift in Sources */ = {isa = PBXBuildFile; fileRef = 61A145FA1C4D759B0063FE84 /* BandsFeatureGenerator.swift */; };
		61A146011C4D759B0063FE84 /* PeakHeightsFeatureGenerator.swift in Sources */ = {isa = PBXBuildFile; fileRef = 61A145FB1C4D759B0063FE84 /* PeakHeightsFeatureGenerator.swift */; };
		61A146041C4D759B0063FE84 /* SpectrumFeatureGenerator.swift in Sources */ = {isa = PBXBuildFile; fileRef = 61A145FE1C4D759B0063FE84 /* SpectrumFeatureGenerator.swift */; };
		61A146051C4D759B0063FE84 /* FluxFeatureGenerator.swift in Sources */ = {isa = PBXBuildFile; fileRef = 61A145FF1C4D759B0063FE84 /* FluxFeatureGenerator.swift */; };
		61A146071C4D75B60063FE84 /* FeatureGenerator.swift in Sources */ = {isa = PBXBuildFile; fileRef = 61A146061C4D75B60063FE84 /* FeatureGenerator.swift */; };
		61AD3A631BEBDD5500FA2DB7 /* FeatureDatabase.swift in Sources */ = {isa = PBXBuildFile; fileRef = 61AD3A621BEBDD5500FA2DB7 /* FeatureDatabase.swift */; };
		61BBC3C01C407891006C6DF0 /* IntuneFeatures.framework in Frameworks */ = {isa = PBXBuildFile; fileRef = 61BBC3B61C407891006C6DF0 /* IntuneFeatures.framework */; };
		61BBC3CF1C407905006C6DF0 /* FeatureBuilder.swift in Sources */ = {isa = PBXBuildFile; fileRef = 8C56779C1BE9731E0009ED31 /* FeatureBuilder.swift */; };
		61BBC3D01C407905006C6DF0 /* FeatureDatabase.swift in Sources */ = {isa = PBXBuildFile; fileRef = 61AD3A621BEBDD5500FA2DB7 /* FeatureDatabase.swift */; };
		61BBC3DC1C407905006C6DF0 /* Shuffle.swift in Sources */ = {isa = PBXBuildFile; fileRef = 61D485AC1BC4A3D70086CED8 /* Shuffle.swift */; };
		61BBC3DD1C407905006C6DF0 /* Point.swift in Sources */ = {isa = PBXBuildFile; fileRef = 610AAB841BDABEFA008CC910 /* Point.swift */; };
		61BBC3DE1C407905006C6DF0 /* Note.swift in Sources */ = {isa = PBXBuildFile; fileRef = 618ACC0B1BE0686D008C23A8 /* Note.swift */; };
		61BBC3DF1C407905006C6DF0 /* Utilities.swift in Sources */ = {isa = PBXBuildFile; fileRef = 8CDA0EF31BB9BA4300433755 /* Utilities.swift */; };
		61BBC3E61C407A6B006C6DF0 /* IntuneFeatures.h in Headers */ = {isa = PBXBuildFile; fileRef = 8C7845721BB9B06600C88426 /* IntuneFeatures.h */; settings = {ATTRIBUTES = (Public, ); }; };
		61C3CFEF1C7F7F5B002A9C90 /* Configuration.swift in Sources */ = {isa = PBXBuildFile; fileRef = 61C3CFEE1C7F7F5B002A9C90 /* Configuration.swift */; };
		61C3CFF01C7F7F5B002A9C90 /* Configuration.swift in Sources */ = {isa = PBXBuildFile; fileRef = 61C3CFEE1C7F7F5B002A9C90 /* Configuration.swift */; };
		61D485AD1BC4A3D70086CED8 /* Shuffle.swift in Sources */ = {isa = PBXBuildFile; fileRef = 61D485AC1BC4A3D70086CED8 /* Shuffle.swift */; };
		64A69A8474827DE39C569868 /* Pods_osx_IntuneFeatures_OSX.framework in Frameworks */ = {isa = PBXBuildFile; fileRef = 6E3B6B19AC8A17A7D0E9E583 /* Pods_osx_IntuneFeatures_OSX.framework */; };
		6C1CE02909D5EC510E9E0576 /* Pods_IntuneFeatures_iOS_IntuneFeaturesTests_iOS.framework in Frameworks */ = {isa = PBXBuildFile; fileRef = CAEADBC47808E73ED211CE40 /* Pods_IntuneFeatures_iOS_IntuneFeaturesTests_iOS.framework */; };
		8C56779E1BE976140009ED31 /* FeatureBuilder.swift in Sources */ = {isa = PBXBuildFile; fileRef = 8C56779C1BE9731E0009ED31 /* FeatureBuilder.swift */; };
		8C7845731BB9B06600C88426 /* IntuneFeatures.h in Headers */ = {isa = PBXBuildFile; fileRef = 8C7845721BB9B06600C88426 /* IntuneFeatures.h */; settings = {ATTRIBUTES = (Public, ); }; };
		8CDA0EF41BB9BA4300433755 /* Utilities.swift in Sources */ = {isa = PBXBuildFile; fileRef = 8CDA0EF31BB9BA4300433755 /* Utilities.swift */; };
		DD5C4E5BB04F2AA7AFB2D9C1 /* Pods_osx_CompileFeatures.framework in Frameworks */ = {isa = PBXBuildFile; fileRef = BB29211D740EE98EC395E3C7 /* Pods_osx_CompileFeatures.framework */; };
/* End PBXBuildFile section */

/* Begin PBXContainerItemProxy section */
		6180A77A1C18ABFC00D63F00 /* PBXContainerItemProxy */ = {
			isa = PBXContainerItemProxy;
			containerPortal = 8C7845661BB9B06600C88426 /* Project object */;
			proxyType = 1;
			remoteGlobalIDString = 8C78456E1BB9B06600C88426;
			remoteInfo = FeatureExtraction;
		};
		61936AD41CEE74E200603B95 /* PBXContainerItemProxy */ = {
			isa = PBXContainerItemProxy;
			containerPortal = 8C7845661BB9B06600C88426 /* Project object */;
			proxyType = 1;
			remoteGlobalIDString = 8C78456E1BB9B06600C88426;
			remoteInfo = IntuneFeatures.OSX;
		};
		61BBC3C11C407891006C6DF0 /* PBXContainerItemProxy */ = {
			isa = PBXContainerItemProxy;
			containerPortal = 8C7845661BB9B06600C88426 /* Project object */;
			proxyType = 1;
			remoteGlobalIDString = 61BBC3B51C407891006C6DF0;
			remoteInfo = "FeatureExtraction-iOS";
		};
/* End PBXContainerItemProxy section */

/* Begin PBXCopyFilesBuildPhase section */
		61936AC31CEE74A600603B95 /* CopyFiles */ = {
			isa = PBXCopyFilesBuildPhase;
			buildActionMask = 12;
			dstPath = "";
			dstSubfolderSpec = 16;
			files = (
			);
			runOnlyForDeploymentPostprocessing = 0;
		};
/* End PBXCopyFilesBuildPhase section */

/* Begin PBXFileReference section */
		095756151E123BD2B414D10C /* Pods-osx-CompileFeatures.release.xcconfig */ = {isa = PBXFileReference; includeInIndex = 1; lastKnownFileType = text.xcconfig; name = "Pods-osx-CompileFeatures.release.xcconfig"; path = "Pods/Target Support Files/Pods-osx-CompileFeatures/Pods-osx-CompileFeatures.release.xcconfig"; sourceTree = "<group>"; };
		1DCFEBA235027B2710FC5923 /* Pods-osx-IntuneFeatures.OSX.release.xcconfig */ = {isa = PBXFileReference; includeInIndex = 1; lastKnownFileType = text.xcconfig; name = "Pods-osx-IntuneFeatures.OSX.release.xcconfig"; path = "Pods/Target Support Files/Pods-osx-IntuneFeatures.OSX/Pods-osx-IntuneFeatures.OSX.release.xcconfig"; sourceTree = "<group>"; };
		3BA59CA35CC473E2B26AB069 /* Pods-osx-IntuneFeatures.OSX.debug.xcconfig */ = {isa = PBXFileReference; includeInIndex = 1; lastKnownFileType = text.xcconfig; name = "Pods-osx-IntuneFeatures.OSX.debug.xcconfig"; path = "Pods/Target Support Files/Pods-osx-IntuneFeatures.OSX/Pods-osx-IntuneFeatures.OSX.debug.xcconfig"; sourceTree = "<group>"; };
		5EBCBBDF18627ED23AFA09CA /* Pods-IntuneFeatures.iOS-IntuneFeaturesTests.iOS.debug.xcconfig */ = {isa = PBXFileReference; includeInIndex = 1; lastKnownFileType = text.xcconfig; name = "Pods-IntuneFeatures.iOS-IntuneFeaturesTests.iOS.debug.xcconfig"; path = "Pods/Target Support Files/Pods-IntuneFeatures.iOS-IntuneFeaturesTests.iOS/Pods-IntuneFeatures.iOS-IntuneFeaturesTests.iOS.debug.xcconfig"; sourceTree = "<group>"; };
		5FEDB69848DA0AE591186AE5 /* Pods-IntuneFeatures.iOS.release.xcconfig */ = {isa = PBXFileReference; includeInIndex = 1; lastKnownFileType = text.xcconfig; name = "Pods-IntuneFeatures.iOS.release.xcconfig"; path = "Pods/Target Support Files/Pods-IntuneFeatures.iOS/Pods-IntuneFeatures.iOS.release.xcconfig"; sourceTree = "<group>"; };
		610AAB661BD99737008CC910 /* NoteTests.swift */ = {isa = PBXFileReference; fileEncoding = 4; lastKnownFileType = sourcecode.swift; path = NoteTests.swift; sourceTree = "<group>"; };
		610AAB841BDABEFA008CC910 /* Point.swift */ = {isa = PBXFileReference; fileEncoding = 4; lastKnownFileType = sourcecode.swift; path = Point.swift; sourceTree = "<group>"; };
		610E29B41C4D7847006B6016 /* Feature.swift */ = {isa = PBXFileReference; fileEncoding = 4; lastKnownFileType = sourcecode.swift; path = Feature.swift; sourceTree = "<group>"; };
		610E29B71C4D78AC006B6016 /* PeakExtractor.swift */ = {isa = PBXFileReference; fileEncoding = 4; lastKnownFileType = sourcecode.swift; path = PeakExtractor.swift; sourceTree = "<group>"; };
		612131CB1CADC8E800299E03 /* DecayModel.swift */ = {isa = PBXFileReference; fileEncoding = 4; lastKnownFileType = sourcecode.swift; path = DecayModel.swift; sourceTree = "<group>"; };
		613A92221CB56FEA00D9EEB8 /* Framework-Info.plist */ = {isa = PBXFileReference; fileEncoding = 4; lastKnownFileType = text.plist.xml; path = "Framework-Info.plist"; sourceTree = "<group>"; };
		613A92231CB56FEA00D9EEB8 /* note_curves.h5 */ = {isa = PBXFileReference; lastKnownFileType = file; path = note_curves.h5; sourceTree = "<group>"; };
		613A92271CB5706E00D9EEB8 /* Tests-Info.plist */ = {isa = PBXFileReference; fileEncoding = 4; lastKnownFileType = text.plist.xml; path = "Tests-Info.plist"; sourceTree = "<group>"; };
		6141B1C31C6E538F0074BD8C /* Table.swift */ = {isa = PBXFileReference; fileEncoding = 4; lastKnownFileType = sourcecode.swift; path = Table.swift; sourceTree = "<group>"; };
		6141B1D31C6E5B200074BD8C /* Event.swift */ = {isa = PBXFileReference; fileEncoding = 4; lastKnownFileType = sourcecode.swift; path = Event.swift; sourceTree = "<group>"; };
		6141B1D61C6E5B290074BD8C /* Label.swift */ = {isa = PBXFileReference; fileEncoding = 4; lastKnownFileType = sourcecode.swift; path = Label.swift; sourceTree = "<group>"; };
		6141B1D91C6E5C150074BD8C /* Window.swift */ = {isa = PBXFileReference; fileEncoding = 4; lastKnownFileType = sourcecode.swift; path = Window.swift; sourceTree = "<group>"; };
		6180A7741C18ABFC00D63F00 /* IntuneFeaturesTests.OSX.xctest */ = {isa = PBXFileReference; explicitFileType = wrapper.cfbundle; includeInIndex = 0; path = IntuneFeaturesTests.OSX.xctest; sourceTree = BUILT_PRODUCTS_DIR; };
		61869FA11C8F4AF600FE4B14 /* PeakLocationsFeatureGenerator.swift */ = {isa = PBXFileReference; fileEncoding = 4; lastKnownFileType = sourcecode.swift; path = PeakLocationsFeatureGenerator.swift; sourceTree = "<group>"; };
		618ACC0B1BE0686D008C23A8 /* Note.swift */ = {isa = PBXFileReference; fileEncoding = 4; lastKnownFileType = sourcecode.swift; path = Note.swift; sourceTree = "<group>"; };
		61936AC51CEE74A600603B95 /* CompileFeatures */ = {isa = PBXFileReference; explicitFileType = "compiled.mach-o.executable"; includeInIndex = 0; path = CompileFeatures; sourceTree = BUILT_PRODUCTS_DIR; };
		61936AC71CEE74A600603B95 /* main.swift */ = {isa = PBXFileReference; lastKnownFileType = sourcecode.swift; path = main.swift; sourceTree = "<group>"; };
		61936ACC1CEE74B200603B95 /* String+Paths.swift */ = {isa = PBXFileReference; fileEncoding = 4; lastKnownFileType = sourcecode.swift; path = "String+Paths.swift"; sourceTree = "<group>"; };
		61936ACD1CEE74B200603B95 /* PolySequenceBuilder.swift */ = {isa = PBXFileReference; fileEncoding = 4; lastKnownFileType = sourcecode.swift; path = PolySequenceBuilder.swift; sourceTree = "<group>"; };
		61936ACE1CEE74B200603B95 /* NoiseSequenceBuilder.swift */ = {isa = PBXFileReference; fileEncoding = 4; lastKnownFileType = sourcecode.swift; path = NoiseSequenceBuilder.swift; sourceTree = "<group>"; };
		61936ACF1CEE74B200603B95 /* FeatureCompiler.swift */ = {isa = PBXFileReference; fileEncoding = 4; lastKnownFileType = sourcecode.swift; path = FeatureCompiler.swift; sourceTree = "<group>"; };
		61936AD71CEE863300603B95 /* Builder.swift */ = {isa = PBXFileReference; fileEncoding = 4; lastKnownFileType = sourcecode.swift; path = Builder.swift; sourceTree = "<group>"; };
		61A145FA1C4D759B0063FE84 /* BandsFeatureGenerator.swift */ = {isa = PBXFileReference; fileEncoding = 4; lastKnownFileType = sourcecode.swift; path = BandsFeatureGenerator.swift; sourceTree = "<group>"; };
		61A145FB1C4D759B0063FE84 /* PeakHeightsFeatureGenerator.swift */ = {isa = PBXFileReference; fileEncoding = 4; lastKnownFileType = sourcecode.swift; path = PeakHeightsFeatureGenerator.swift; sourceTree = "<group>"; };
		61A145FE1C4D759B0063FE84 /* SpectrumFeatureGenerator.swift */ = {isa = PBXFileReference; fileEncoding = 4; lastKnownFileType = sourcecode.swift; path = SpectrumFeatureGenerator.swift; sourceTree = "<group>"; };
		61A145FF1C4D759B0063FE84 /* FluxFeatureGenerator.swift */ = {isa = PBXFileReference; fileEncoding = 4; lastKnownFileType = sourcecode.swift; path = FluxFeatureGenerator.swift; sourceTree = "<group>"; };
		61A146061C4D75B60063FE84 /* FeatureGenerator.swift */ = {isa = PBXFileReference; fileEncoding = 4; lastKnownFileType = sourcecode.swift; path = FeatureGenerator.swift; sourceTree = "<group>"; };
		61AD3A621BEBDD5500FA2DB7 /* FeatureDatabase.swift */ = {isa = PBXFileReference; fileEncoding = 4; lastKnownFileType = sourcecode.swift; path = FeatureDatabase.swift; sourceTree = "<group>"; };
		61BBC3B61C407891006C6DF0 /* IntuneFeatures.framework */ = {isa = PBXFileReference; explicitFileType = wrapper.framework; includeInIndex = 0; path = IntuneFeatures.framework; sourceTree = BUILT_PRODUCTS_DIR; };
		61BBC3BF1C407891006C6DF0 /* IntuneFeaturesTests.iOS.xctest */ = {isa = PBXFileReference; explicitFileType = wrapper.cfbundle; includeInIndex = 0; path = IntuneFeaturesTests.iOS.xctest; sourceTree = BUILT_PRODUCTS_DIR; };
		61C3CFEE1C7F7F5B002A9C90 /* Configuration.swift */ = {isa = PBXFileReference; fileEncoding = 4; lastKnownFileType = sourcecode.swift; path = Configuration.swift; sourceTree = "<group>"; };
		61D485AC1BC4A3D70086CED8 /* Shuffle.swift */ = {isa = PBXFileReference; fileEncoding = 4; lastKnownFileType = sourcecode.swift; path = Shuffle.swift; sourceTree = "<group>"; };
		6E3B6B19AC8A17A7D0E9E583 /* Pods_osx_IntuneFeatures_OSX.framework */ = {isa = PBXFileReference; explicitFileType = wrapper.framework; includeInIndex = 0; path = Pods_osx_IntuneFeatures_OSX.framework; sourceTree = BUILT_PRODUCTS_DIR; };
		80ED6E9FBFA7A0431D3B70F2 /* Pods-IntuneFeatures.iOS.debug.xcconfig */ = {isa = PBXFileReference; includeInIndex = 1; lastKnownFileType = text.xcconfig; name = "Pods-IntuneFeatures.iOS.debug.xcconfig"; path = "Pods/Target Support Files/Pods-IntuneFeatures.iOS/Pods-IntuneFeatures.iOS.debug.xcconfig"; sourceTree = "<group>"; };
		8C56779C1BE9731E0009ED31 /* FeatureBuilder.swift */ = {isa = PBXFileReference; fileEncoding = 4; lastKnownFileType = sourcecode.swift; path = FeatureBuilder.swift; sourceTree = "<group>"; };
		8C78456F1BB9B06600C88426 /* IntuneFeatures.framework */ = {isa = PBXFileReference; explicitFileType = wrapper.framework; includeInIndex = 0; path = IntuneFeatures.framework; sourceTree = BUILT_PRODUCTS_DIR; };
		8C7845721BB9B06600C88426 /* IntuneFeatures.h */ = {isa = PBXFileReference; lastKnownFileType = sourcecode.c.h; path = IntuneFeatures.h; sourceTree = "<group>"; };
		8CDA0EF31BB9BA4300433755 /* Utilities.swift */ = {isa = PBXFileReference; fileEncoding = 4; lastKnownFileType = sourcecode.swift; path = Utilities.swift; sourceTree = "<group>"; };
		8CDF50761CAB0B250015C447 /* AudioToolbox.framework */ = {isa = PBXFileReference; lastKnownFileType = wrapper.framework; name = AudioToolbox.framework; path = System/Library/Frameworks/AudioToolbox.framework; sourceTree = SDKROOT; };
		8E93B6C8950B175BD0DE9900 /* Pods-osx-IntuneFeaturesTests.OSX.release.xcconfig */ = {isa = PBXFileReference; includeInIndex = 1; lastKnownFileType = text.xcconfig; name = "Pods-osx-IntuneFeaturesTests.OSX.release.xcconfig"; path = "Pods/Target Support Files/Pods-osx-IntuneFeaturesTests.OSX/Pods-osx-IntuneFeaturesTests.OSX.release.xcconfig"; sourceTree = "<group>"; };
		A4DE520461A2B04AF55A2FD3 /* Pods_IntuneFeatures_iOS.framework */ = {isa = PBXFileReference; explicitFileType = wrapper.framework; includeInIndex = 0; path = Pods_IntuneFeatures_iOS.framework; sourceTree = BUILT_PRODUCTS_DIR; };
		BB29211D740EE98EC395E3C7 /* Pods_osx_CompileFeatures.framework */ = {isa = PBXFileReference; explicitFileType = wrapper.framework; includeInIndex = 0; path = Pods_osx_CompileFeatures.framework; sourceTree = BUILT_PRODUCTS_DIR; };
		CAEADBC47808E73ED211CE40 /* Pods_IntuneFeatures_iOS_IntuneFeaturesTests_iOS.framework */ = {isa = PBXFileReference; explicitFileType = wrapper.framework; includeInIndex = 0; path = Pods_IntuneFeatures_iOS_IntuneFeaturesTests_iOS.framework; sourceTree = BUILT_PRODUCTS_DIR; };
		CE857E42B8DF1C8B94DAA9F0 /* Pods-osx-CompileFeatures.debug.xcconfig */ = {isa = PBXFileReference; includeInIndex = 1; lastKnownFileType = text.xcconfig; name = "Pods-osx-CompileFeatures.debug.xcconfig"; path = "Pods/Target Support Files/Pods-osx-CompileFeatures/Pods-osx-CompileFeatures.debug.xcconfig"; sourceTree = "<group>"; };
		E651742FC2A0F2A0F0580409 /* Pods-osx-IntuneFeaturesTests.OSX.debug.xcconfig */ = {isa = PBXFileReference; includeInIndex = 1; lastKnownFileType = text.xcconfig; name = "Pods-osx-IntuneFeaturesTests.OSX.debug.xcconfig"; path = "Pods/Target Support Files/Pods-osx-IntuneFeaturesTests.OSX/Pods-osx-IntuneFeaturesTests.OSX.debug.xcconfig"; sourceTree = "<group>"; };
		F3696225CD2A7F6D69A67751 /* Pods-IntuneFeatures.iOS-IntuneFeaturesTests.iOS.release.xcconfig */ = {isa = PBXFileReference; includeInIndex = 1; lastKnownFileType = text.xcconfig; name = "Pods-IntuneFeatures.iOS-IntuneFeaturesTests.iOS.release.xcconfig"; path = "Pods/Target Support Files/Pods-IntuneFeatures.iOS-IntuneFeaturesTests.iOS/Pods-IntuneFeatures.iOS-IntuneFeaturesTests.iOS.release.xcconfig"; sourceTree = "<group>"; };
		FB2BEFB358D549DB30B72514 /* Pods_osx_IntuneFeaturesTests_OSX.framework */ = {isa = PBXFileReference; explicitFileType = wrapper.framework; includeInIndex = 0; path = Pods_osx_IntuneFeaturesTests_OSX.framework; sourceTree = BUILT_PRODUCTS_DIR; };
/* End PBXFileReference section */

/* Begin PBXFrameworksBuildPhase section */
		6180A7711C18ABFC00D63F00 /* Frameworks */ = {
			isa = PBXFrameworksBuildPhase;
			buildActionMask = 2147483647;
			files = (
				6180A7791C18ABFC00D63F00 /* IntuneFeatures.framework in Frameworks */,
				5B0469B121ADDD1E694C28FD /* Pods_osx_IntuneFeaturesTests_OSX.framework in Frameworks */,
			);
			runOnlyForDeploymentPostprocessing = 0;
		};
		61936AC21CEE74A600603B95 /* Frameworks */ = {
			isa = PBXFrameworksBuildPhase;
			buildActionMask = 2147483647;
			files = (
				61936AD61CEE74EC00603B95 /* IntuneFeatures.framework in Frameworks */,
				DD5C4E5BB04F2AA7AFB2D9C1 /* Pods_osx_CompileFeatures.framework in Frameworks */,
			);
			runOnlyForDeploymentPostprocessing = 0;
		};
		61BBC3B21C407891006C6DF0 /* Frameworks */ = {
			isa = PBXFrameworksBuildPhase;
			buildActionMask = 2147483647;
			files = (
				091590795439C8D77212AB9B /* Pods_IntuneFeatures_iOS.framework in Frameworks */,
			);
			runOnlyForDeploymentPostprocessing = 0;
		};
		61BBC3BC1C407891006C6DF0 /* Frameworks */ = {
			isa = PBXFrameworksBuildPhase;
			buildActionMask = 2147483647;
			files = (
				61BBC3C01C407891006C6DF0 /* IntuneFeatures.framework in Frameworks */,
				6C1CE02909D5EC510E9E0576 /* Pods_IntuneFeatures_iOS_IntuneFeaturesTests_iOS.framework in Frameworks */,
			);
			runOnlyForDeploymentPostprocessing = 0;
		};
		8C78456B1BB9B06600C88426 /* Frameworks */ = {
			isa = PBXFrameworksBuildPhase;
			buildActionMask = 2147483647;
			files = (
				64A69A8474827DE39C569868 /* Pods_osx_IntuneFeatures_OSX.framework in Frameworks */,
			);
			runOnlyForDeploymentPostprocessing = 0;
		};
/* End PBXFrameworksBuildPhase section */

/* Begin PBXGroup section */
		2C66040EBEBD0201A8CE30D1 /* Pods */ = {
			isa = PBXGroup;
			children = (
				80ED6E9FBFA7A0431D3B70F2 /* Pods-IntuneFeatures.iOS.debug.xcconfig */,
				5FEDB69848DA0AE591186AE5 /* Pods-IntuneFeatures.iOS.release.xcconfig */,
				5EBCBBDF18627ED23AFA09CA /* Pods-IntuneFeatures.iOS-IntuneFeaturesTests.iOS.debug.xcconfig */,
				F3696225CD2A7F6D69A67751 /* Pods-IntuneFeatures.iOS-IntuneFeaturesTests.iOS.release.xcconfig */,
				CE857E42B8DF1C8B94DAA9F0 /* Pods-osx-CompileFeatures.debug.xcconfig */,
				095756151E123BD2B414D10C /* Pods-osx-CompileFeatures.release.xcconfig */,
				E651742FC2A0F2A0F0580409 /* Pods-osx-IntuneFeaturesTests.OSX.debug.xcconfig */,
				8E93B6C8950B175BD0DE9900 /* Pods-osx-IntuneFeaturesTests.OSX.release.xcconfig */,
				3BA59CA35CC473E2B26AB069 /* Pods-osx-IntuneFeatures.OSX.debug.xcconfig */,
				1DCFEBA235027B2710FC5923 /* Pods-osx-IntuneFeatures.OSX.release.xcconfig */,
			);
			name = Pods;
			sourceTree = "<group>";
		};
		613A92211CB56FEA00D9EEB8 /* Resources */ = {
			isa = PBXGroup;
			children = (
				613A92221CB56FEA00D9EEB8 /* Framework-Info.plist */,
				613A92231CB56FEA00D9EEB8 /* note_curves.h5 */,
				613A92271CB5706E00D9EEB8 /* Tests-Info.plist */,
			);
			path = Resources;
			sourceTree = "<group>";
		};
		61936AC61CEE74A600603B95 /* CompileFeatures */ = {
			isa = PBXGroup;
			children = (
				61936AC71CEE74A600603B95 /* main.swift */,
				61936ACF1CEE74B200603B95 /* FeatureCompiler.swift */,
				61936AD71CEE863300603B95 /* Builder.swift */,
				61936ACE1CEE74B200603B95 /* NoiseSequenceBuilder.swift */,
				61936ACD1CEE74B200603B95 /* PolySequenceBuilder.swift */,
				61936ACC1CEE74B200603B95 /* String+Paths.swift */,
			);
			path = CompileFeatures;
			sourceTree = "<group>";
		};
		61A145F91C4D759B0063FE84 /* Generators */ = {
			isa = PBXGroup;
			children = (
				61A146061C4D75B60063FE84 /* FeatureGenerator.swift */,
				61A145FA1C4D759B0063FE84 /* BandsFeatureGenerator.swift */,
				610E29B71C4D78AC006B6016 /* PeakExtractor.swift */,
				61A145FB1C4D759B0063FE84 /* PeakHeightsFeatureGenerator.swift */,
				61869FA11C8F4AF600FE4B14 /* PeakLocationsFeatureGenerator.swift */,
				61A145FE1C4D759B0063FE84 /* SpectrumFeatureGenerator.swift */,
				61A145FF1C4D759B0063FE84 /* FluxFeatureGenerator.swift */,
			);
			path = Generators;
			sourceTree = "<group>";
		};
		8C7845651BB9B06600C88426 = {
			isa = PBXGroup;
			children = (
				8C7845711BB9B06600C88426 /* Sources */,
				8C78457D1BB9B06600C88426 /* Tests */,
				613A92211CB56FEA00D9EEB8 /* Resources */,
				61936AC61CEE74A600603B95 /* CompileFeatures */,
				B5F7CD465AC17DFE1FC7BC55 /* Frameworks */,
				8C7845701BB9B06600C88426 /* Products */,
				2C66040EBEBD0201A8CE30D1 /* Pods */,
			);
			sourceTree = "<group>";
		};
		8C7845701BB9B06600C88426 /* Products */ = {
			isa = PBXGroup;
			children = (
				8C78456F1BB9B06600C88426 /* IntuneFeatures.framework */,
				6180A7741C18ABFC00D63F00 /* IntuneFeaturesTests.OSX.xctest */,
				61BBC3B61C407891006C6DF0 /* IntuneFeatures.framework */,
				61BBC3BF1C407891006C6DF0 /* IntuneFeaturesTests.iOS.xctest */,
				61936AC51CEE74A600603B95 /* CompileFeatures */,
			);
			name = Products;
			sourceTree = "<group>";
		};
		8C7845711BB9B06600C88426 /* Sources */ = {
			isa = PBXGroup;
			children = (
				8C7845721BB9B06600C88426 /* IntuneFeatures.h */,
				61C3CFEE1C7F7F5B002A9C90 /* Configuration.swift */,
				612131CB1CADC8E800299E03 /* DecayModel.swift */,
				6141B1D31C6E5B200074BD8C /* Event.swift */,
				610E29B41C4D7847006B6016 /* Feature.swift */,
				8C56779C1BE9731E0009ED31 /* FeatureBuilder.swift */,
				61AD3A621BEBDD5500FA2DB7 /* FeatureDatabase.swift */,
				6141B1D61C6E5B290074BD8C /* Label.swift */,
				618ACC0B1BE0686D008C23A8 /* Note.swift */,
				610AAB841BDABEFA008CC910 /* Point.swift */,
				61D485AC1BC4A3D70086CED8 /* Shuffle.swift */,
				6141B1C31C6E538F0074BD8C /* Table.swift */,
				8CDA0EF31BB9BA4300433755 /* Utilities.swift */,
				6141B1D91C6E5C150074BD8C /* Window.swift */,
				61A145F91C4D759B0063FE84 /* Generators */,
			);
			path = Sources;
			sourceTree = "<group>";
		};
		8C78457D1BB9B06600C88426 /* Tests */ = {
			isa = PBXGroup;
			children = (
				610AAB661BD99737008CC910 /* NoteTests.swift */,
			);
			path = Tests;
			sourceTree = "<group>";
		};
		B5F7CD465AC17DFE1FC7BC55 /* Frameworks */ = {
			isa = PBXGroup;
			children = (
				8CDF50761CAB0B250015C447 /* AudioToolbox.framework */,
				A4DE520461A2B04AF55A2FD3 /* Pods_IntuneFeatures_iOS.framework */,
				CAEADBC47808E73ED211CE40 /* Pods_IntuneFeatures_iOS_IntuneFeaturesTests_iOS.framework */,
				BB29211D740EE98EC395E3C7 /* Pods_osx_CompileFeatures.framework */,
				FB2BEFB358D549DB30B72514 /* Pods_osx_IntuneFeaturesTests_OSX.framework */,
				6E3B6B19AC8A17A7D0E9E583 /* Pods_osx_IntuneFeatures_OSX.framework */,
			);
			name = Frameworks;
			sourceTree = "<group>";
		};
/* End PBXGroup section */

/* Begin PBXHeadersBuildPhase section */
		61BBC3B31C407891006C6DF0 /* Headers */ = {
			isa = PBXHeadersBuildPhase;
			buildActionMask = 2147483647;
			files = (
				61BBC3E61C407A6B006C6DF0 /* IntuneFeatures.h in Headers */,
			);
			runOnlyForDeploymentPostprocessing = 0;
		};
		8C78456C1BB9B06600C88426 /* Headers */ = {
			isa = PBXHeadersBuildPhase;
			buildActionMask = 2147483647;
			files = (
				8C7845731BB9B06600C88426 /* IntuneFeatures.h in Headers */,
			);
			runOnlyForDeploymentPostprocessing = 0;
		};
/* End PBXHeadersBuildPhase section */

/* Begin PBXNativeTarget section */
		6180A7731C18ABFC00D63F00 /* IntuneFeaturesTests.OSX */ = {
			isa = PBXNativeTarget;
			buildConfigurationList = 6180A77C1C18ABFC00D63F00 /* Build configuration list for PBXNativeTarget "IntuneFeaturesTests.OSX" */;
			buildPhases = (
				8B639A16F01B225796EBF46B /* [CP] Check Pods Manifest.lock */,
				6180A7701C18ABFC00D63F00 /* Sources */,
				6180A7711C18ABFC00D63F00 /* Frameworks */,
				6180A7721C18ABFC00D63F00 /* Resources */,
				282D3D0704F33A7DE91871CD /* [CP] Embed Pods Frameworks */,
				B71B8CB91401F4BF2B2F2592 /* [CP] Copy Pods Resources */,
			);
			buildRules = (
			);
			dependencies = (
				6180A77B1C18ABFC00D63F00 /* PBXTargetDependency */,
			);
			name = IntuneFeaturesTests.OSX;
			productName = FeatureExtractionTests;
			productReference = 6180A7741C18ABFC00D63F00 /* IntuneFeaturesTests.OSX.xctest */;
			productType = "com.apple.product-type.bundle.unit-test";
		};
		61936AC41CEE74A600603B95 /* CompileFeatures */ = {
			isa = PBXNativeTarget;
			buildConfigurationList = 61936ACB1CEE74A600603B95 /* Build configuration list for PBXNativeTarget "CompileFeatures" */;
			buildPhases = (
				BE02DC3882CF552B78936CCD /* [CP] Check Pods Manifest.lock */,
				61936AC11CEE74A600603B95 /* Sources */,
				61936AC21CEE74A600603B95 /* Frameworks */,
				61936AC31CEE74A600603B95 /* CopyFiles */,
				79103875332A45501F0E93E2 /* [CP] Copy Pods Resources */,
			);
			buildRules = (
			);
			dependencies = (
				61936AD51CEE74E200603B95 /* PBXTargetDependency */,
			);
			name = CompileFeatures;
			productName = CompileFeatures;
			productReference = 61936AC51CEE74A600603B95 /* CompileFeatures */;
			productType = "com.apple.product-type.tool";
		};
		61BBC3B51C407891006C6DF0 /* IntuneFeatures.iOS */ = {
			isa = PBXNativeTarget;
			buildConfigurationList = 61BBC3CB1C407891006C6DF0 /* Build configuration list for PBXNativeTarget "IntuneFeatures.iOS" */;
			buildPhases = (
				30824856FF255E11740C7B47 /* [CP] Check Pods Manifest.lock */,
				61BBC3B11C407891006C6DF0 /* Sources */,
				61BBC3B21C407891006C6DF0 /* Frameworks */,
				61BBC3B31C407891006C6DF0 /* Headers */,
				61BBC3B41C407891006C6DF0 /* Resources */,
				AE1F06C0AD37D1E227AE34F7 /* [CP] Copy Pods Resources */,
			);
			buildRules = (
			);
			dependencies = (
			);
			name = IntuneFeatures.iOS;
			productName = "FeatureExtraction-iOS";
			productReference = 61BBC3B61C407891006C6DF0 /* IntuneFeatures.framework */;
			productType = "com.apple.product-type.framework";
		};
		61BBC3BE1C407891006C6DF0 /* IntuneFeaturesTests.iOS */ = {
			isa = PBXNativeTarget;
			buildConfigurationList = 61BBC3CC1C407891006C6DF0 /* Build configuration list for PBXNativeTarget "IntuneFeaturesTests.iOS" */;
			buildPhases = (
				999E2858A90FD4344FCEC968 /* [CP] Check Pods Manifest.lock */,
				61BBC3BB1C407891006C6DF0 /* Sources */,
				61BBC3BC1C407891006C6DF0 /* Frameworks */,
				61BBC3BD1C407891006C6DF0 /* Resources */,
				D010C3CE293F726D1FBE82E0 /* [CP] Embed Pods Frameworks */,
				D9120025E21DE24885678697 /* [CP] Copy Pods Resources */,
			);
			buildRules = (
			);
			dependencies = (
				61BBC3C21C407891006C6DF0 /* PBXTargetDependency */,
			);
			name = IntuneFeaturesTests.iOS;
			productName = "FeatureExtraction-iOSTests";
			productReference = 61BBC3BF1C407891006C6DF0 /* IntuneFeaturesTests.iOS.xctest */;
			productType = "com.apple.product-type.bundle.unit-test";
		};
		8C78456E1BB9B06600C88426 /* IntuneFeatures.OSX */ = {
			isa = PBXNativeTarget;
			buildConfigurationList = 8C7845831BB9B06600C88426 /* Build configuration list for PBXNativeTarget "IntuneFeatures.OSX" */;
			buildPhases = (
				E53D13312B24BB48428CA4C1 /* [CP] Check Pods Manifest.lock */,
				8C78456A1BB9B06600C88426 /* Sources */,
				8C78456B1BB9B06600C88426 /* Frameworks */,
				8C78456C1BB9B06600C88426 /* Headers */,
				612131D21CADCCD100299E03 /* Resources */,
				24FE42575339D1582D348850 /* [CP] Copy Pods Resources */,
			);
			buildRules = (
			);
			dependencies = (
			);
			name = IntuneFeatures.OSX;
			productName = FeatureExtraction;
			productReference = 8C78456F1BB9B06600C88426 /* IntuneFeatures.framework */;
			productType = "com.apple.product-type.framework";
		};
/* End PBXNativeTarget section */

/* Begin PBXProject section */
		8C7845661BB9B06600C88426 /* Project object */ = {
			isa = PBXProject;
			attributes = {
				LastSwiftUpdateCheck = 0730;
				LastUpgradeCheck = 0800;
				ORGANIZATIONNAME = "Venture Media";
				TargetAttributes = {
					6180A7731C18ABFC00D63F00 = {
						CreatedOnToolsVersion = 7.2;
						LastSwiftMigration = 0800;
					};
					61936AC41CEE74A600603B95 = {
						CreatedOnToolsVersion = 7.3.1;
						LastSwiftMigration = 0800;
					};
					61BBC3B51C407891006C6DF0 = {
						CreatedOnToolsVersion = 7.2;
						LastSwiftMigration = 0800;
					};
					61BBC3BE1C407891006C6DF0 = {
						CreatedOnToolsVersion = 7.2;
						LastSwiftMigration = 0800;
					};
					8C78456E1BB9B06600C88426 = {
						CreatedOnToolsVersion = 7.0;
						LastSwiftMigration = 0800;
					};
				};
			};
			buildConfigurationList = 8C7845691BB9B06600C88426 /* Build configuration list for PBXProject "IntuneFeatures" */;
			compatibilityVersion = "Xcode 3.2";
			developmentRegion = English;
			hasScannedForEncodings = 0;
			knownRegions = (
				en,
				Base,
			);
			mainGroup = 8C7845651BB9B06600C88426;
			productRefGroup = 8C7845701BB9B06600C88426 /* Products */;
			projectDirPath = "";
			projectRoot = "";
			targets = (
				8C78456E1BB9B06600C88426 /* IntuneFeatures.OSX */,
				6180A7731C18ABFC00D63F00 /* IntuneFeaturesTests.OSX */,
				61BBC3B51C407891006C6DF0 /* IntuneFeatures.iOS */,
				61BBC3BE1C407891006C6DF0 /* IntuneFeaturesTests.iOS */,
				61936AC41CEE74A600603B95 /* CompileFeatures */,
			);
		};
/* End PBXProject section */

/* Begin PBXResourcesBuildPhase section */
		612131D21CADCCD100299E03 /* Resources */ = {
			isa = PBXResourcesBuildPhase;
			buildActionMask = 2147483647;
			files = (
				613A92251CB56FEA00D9EEB8 /* note_curves.h5 in Resources */,
			);
			runOnlyForDeploymentPostprocessing = 0;
		};
		6180A7721C18ABFC00D63F00 /* Resources */ = {
			isa = PBXResourcesBuildPhase;
			buildActionMask = 2147483647;
			files = (
			);
			runOnlyForDeploymentPostprocessing = 0;
		};
		61BBC3B41C407891006C6DF0 /* Resources */ = {
			isa = PBXResourcesBuildPhase;
			buildActionMask = 2147483647;
			files = (
				613A92261CB56FF300D9EEB8 /* note_curves.h5 in Resources */,
			);
			runOnlyForDeploymentPostprocessing = 0;
		};
		61BBC3BD1C407891006C6DF0 /* Resources */ = {
			isa = PBXResourcesBuildPhase;
			buildActionMask = 2147483647;
			files = (
			);
			runOnlyForDeploymentPostprocessing = 0;
		};
/* End PBXResourcesBuildPhase section */

/* Begin PBXShellScriptBuildPhase section */
		24FE42575339D1582D348850 /* [CP] Copy Pods Resources */ = {
			isa = PBXShellScriptBuildPhase;
			buildActionMask = 2147483647;
			files = (
			);
			inputPaths = (
			);
			name = "[CP] Copy Pods Resources";
			outputPaths = (
			);
			runOnlyForDeploymentPostprocessing = 0;
			shellPath = /bin/sh;
			shellScript = "\"${SRCROOT}/Pods/Target Support Files/Pods-osx-IntuneFeatures.OSX/Pods-osx-IntuneFeatures.OSX-resources.sh\"\n";
			showEnvVarsInLog = 0;
		};
		282D3D0704F33A7DE91871CD /* [CP] Embed Pods Frameworks */ = {
			isa = PBXShellScriptBuildPhase;
			buildActionMask = 2147483647;
			files = (
			);
			inputPaths = (
			);
			name = "[CP] Embed Pods Frameworks";
			outputPaths = (
			);
			runOnlyForDeploymentPostprocessing = 0;
			shellPath = /bin/sh;
			shellScript = "\"${SRCROOT}/Pods/Target Support Files/Pods-osx-IntuneFeaturesTests.OSX/Pods-osx-IntuneFeaturesTests.OSX-frameworks.sh\"\n";
			showEnvVarsInLog = 0;
		};
		30824856FF255E11740C7B47 /* [CP] Check Pods Manifest.lock */ = {
			isa = PBXShellScriptBuildPhase;
			buildActionMask = 2147483647;
			files = (
			);
			inputPaths = (
			);
			name = "[CP] Check Pods Manifest.lock";
			outputPaths = (
			);
			runOnlyForDeploymentPostprocessing = 0;
			shellPath = /bin/sh;
			shellScript = "diff \"${PODS_ROOT}/../Podfile.lock\" \"${PODS_ROOT}/Manifest.lock\" > /dev/null\nif [ $? != 0 ] ; then\n    # print error to STDERR\n    echo \"error: The sandbox is not in sync with the Podfile.lock. Run 'pod install' or update your CocoaPods installation.\" >&2\n    exit 1\nfi\n";
			showEnvVarsInLog = 0;
		};
		79103875332A45501F0E93E2 /* [CP] Copy Pods Resources */ = {
			isa = PBXShellScriptBuildPhase;
			buildActionMask = 2147483647;
			files = (
			);
			inputPaths = (
			);
			name = "[CP] Copy Pods Resources";
			outputPaths = (
			);
			runOnlyForDeploymentPostprocessing = 0;
			shellPath = /bin/sh;
			shellScript = "\"${SRCROOT}/Pods/Target Support Files/Pods-osx-CompileFeatures/Pods-osx-CompileFeatures-resources.sh\"\n";
			showEnvVarsInLog = 0;
		};
		8B639A16F01B225796EBF46B /* [CP] Check Pods Manifest.lock */ = {
			isa = PBXShellScriptBuildPhase;
			buildActionMask = 2147483647;
			files = (
			);
			inputPaths = (
			);
			name = "[CP] Check Pods Manifest.lock";
			outputPaths = (
			);
			runOnlyForDeploymentPostprocessing = 0;
			shellPath = /bin/sh;
			shellScript = "diff \"${PODS_ROOT}/../Podfile.lock\" \"${PODS_ROOT}/Manifest.lock\" > /dev/null\nif [ $? != 0 ] ; then\n    # print error to STDERR\n    echo \"error: The sandbox is not in sync with the Podfile.lock. Run 'pod install' or update your CocoaPods installation.\" >&2\n    exit 1\nfi\n";
			showEnvVarsInLog = 0;
		};
		999E2858A90FD4344FCEC968 /* [CP] Check Pods Manifest.lock */ = {
			isa = PBXShellScriptBuildPhase;
			buildActionMask = 2147483647;
			files = (
			);
			inputPaths = (
			);
			name = "[CP] Check Pods Manifest.lock";
			outputPaths = (
			);
			runOnlyForDeploymentPostprocessing = 0;
			shellPath = /bin/sh;
			shellScript = "diff \"${PODS_ROOT}/../Podfile.lock\" \"${PODS_ROOT}/Manifest.lock\" > /dev/null\nif [ $? != 0 ] ; then\n    # print error to STDERR\n    echo \"error: The sandbox is not in sync with the Podfile.lock. Run 'pod install' or update your CocoaPods installation.\" >&2\n    exit 1\nfi\n";
			showEnvVarsInLog = 0;
		};
		AE1F06C0AD37D1E227AE34F7 /* [CP] Copy Pods Resources */ = {
			isa = PBXShellScriptBuildPhase;
			buildActionMask = 2147483647;
			files = (
			);
			inputPaths = (
			);
			name = "[CP] Copy Pods Resources";
			outputPaths = (
			);
			runOnlyForDeploymentPostprocessing = 0;
			shellPath = /bin/sh;
			shellScript = "\"${SRCROOT}/Pods/Target Support Files/Pods-IntuneFeatures.iOS/Pods-IntuneFeatures.iOS-resources.sh\"\n";
			showEnvVarsInLog = 0;
		};
		B71B8CB91401F4BF2B2F2592 /* [CP] Copy Pods Resources */ = {
			isa = PBXShellScriptBuildPhase;
			buildActionMask = 2147483647;
			files = (
			);
			inputPaths = (
			);
			name = "[CP] Copy Pods Resources";
			outputPaths = (
			);
			runOnlyForDeploymentPostprocessing = 0;
			shellPath = /bin/sh;
			shellScript = "\"${SRCROOT}/Pods/Target Support Files/Pods-osx-IntuneFeaturesTests.OSX/Pods-osx-IntuneFeaturesTests.OSX-resources.sh\"\n";
			showEnvVarsInLog = 0;
		};
		BE02DC3882CF552B78936CCD /* [CP] Check Pods Manifest.lock */ = {
			isa = PBXShellScriptBuildPhase;
			buildActionMask = 2147483647;
			files = (
			);
			inputPaths = (
			);
			name = "[CP] Check Pods Manifest.lock";
			outputPaths = (
			);
			runOnlyForDeploymentPostprocessing = 0;
			shellPath = /bin/sh;
			shellScript = "diff \"${PODS_ROOT}/../Podfile.lock\" \"${PODS_ROOT}/Manifest.lock\" > /dev/null\nif [ $? != 0 ] ; then\n    # print error to STDERR\n    echo \"error: The sandbox is not in sync with the Podfile.lock. Run 'pod install' or update your CocoaPods installation.\" >&2\n    exit 1\nfi\n";
			showEnvVarsInLog = 0;
		};
		D010C3CE293F726D1FBE82E0 /* [CP] Embed Pods Frameworks */ = {
			isa = PBXShellScriptBuildPhase;
			buildActionMask = 2147483647;
			files = (
			);
			inputPaths = (
			);
			name = "[CP] Embed Pods Frameworks";
			outputPaths = (
			);
			runOnlyForDeploymentPostprocessing = 0;
			shellPath = /bin/sh;
			shellScript = "\"${SRCROOT}/Pods/Target Support Files/Pods-IntuneFeatures.iOS-IntuneFeaturesTests.iOS/Pods-IntuneFeatures.iOS-IntuneFeaturesTests.iOS-frameworks.sh\"\n";
			showEnvVarsInLog = 0;
		};
		D9120025E21DE24885678697 /* [CP] Copy Pods Resources */ = {
			isa = PBXShellScriptBuildPhase;
			buildActionMask = 2147483647;
			files = (
			);
			inputPaths = (
			);
			name = "[CP] Copy Pods Resources";
			outputPaths = (
			);
			runOnlyForDeploymentPostprocessing = 0;
			shellPath = /bin/sh;
			shellScript = "\"${SRCROOT}/Pods/Target Support Files/Pods-IntuneFeatures.iOS-IntuneFeaturesTests.iOS/Pods-IntuneFeatures.iOS-IntuneFeaturesTests.iOS-resources.sh\"\n";
			showEnvVarsInLog = 0;
		};
		E53D13312B24BB48428CA4C1 /* [CP] Check Pods Manifest.lock */ = {
			isa = PBXShellScriptBuildPhase;
			buildActionMask = 2147483647;
			files = (
			);
			inputPaths = (
			);
			name = "[CP] Check Pods Manifest.lock";
			outputPaths = (
			);
			runOnlyForDeploymentPostprocessing = 0;
			shellPath = /bin/sh;
			shellScript = "diff \"${PODS_ROOT}/../Podfile.lock\" \"${PODS_ROOT}/Manifest.lock\" > /dev/null\nif [ $? != 0 ] ; then\n    # print error to STDERR\n    echo \"error: The sandbox is not in sync with the Podfile.lock. Run 'pod install' or update your CocoaPods installation.\" >&2\n    exit 1\nfi\n";
			showEnvVarsInLog = 0;
		};
/* End PBXShellScriptBuildPhase section */

/* Begin PBXSourcesBuildPhase section */
		6180A7701C18ABFC00D63F00 /* Sources */ = {
			isa = PBXSourcesBuildPhase;
			buildActionMask = 2147483647;
			files = (
				6180A7811C18AC0600D63F00 /* NoteTests.swift in Sources */,
			);
			runOnlyForDeploymentPostprocessing = 0;
		};
		61936AC11CEE74A600603B95 /* Sources */ = {
			isa = PBXSourcesBuildPhase;
			buildActionMask = 2147483647;
			files = (
				61936AD31CEE74B200603B95 /* FeatureCompiler.swift in Sources */,
				61936AC81CEE74A600603B95 /* main.swift in Sources */,
				61936AD11CEE74B200603B95 /* PolySequenceBuilder.swift in Sources */,
				61936AD01CEE74B200603B95 /* String+Paths.swift in Sources */,
				61936AD21CEE74B200603B95 /* NoiseSequenceBuilder.swift in Sources */,
				61936AD81CEE863300603B95 /* Builder.swift in Sources */,
			);
			runOnlyForDeploymentPostprocessing = 0;
		};
		61BBC3B11C407891006C6DF0 /* Sources */ = {
			isa = PBXSourcesBuildPhase;
			buildActionMask = 2147483647;
			files = (
				610E29BA1C4D78B6006B6016 /* FeatureGenerator.swift in Sources */,
				61BBC3D01C407905006C6DF0 /* FeatureDatabase.swift in Sources */,
				612131D01CADCCAD00299E03 /* DecayModel.swift in Sources */,
				610E29BF1C4D78B6006B6016 /* SpectrumFeatureGenerator.swift in Sources */,
				61C3CFF01C7F7F5B002A9C90 /* Configuration.swift in Sources */,
				610E29BC1C4D78B6006B6016 /* PeakHeightsFeatureGenerator.swift in Sources */,
				610E29BB1C4D78B6006B6016 /* BandsFeatureGenerator.swift in Sources */,
				61BBC3DE1C407905006C6DF0 /* Note.swift in Sources */,
				61BBC3DC1C407905006C6DF0 /* Shuffle.swift in Sources */,
				610E29B91C4D78AC006B6016 /* PeakExtractor.swift in Sources */,
				61BBC3DD1C407905006C6DF0 /* Point.swift in Sources */,
				6141B1D81C6E5B290074BD8C /* Label.swift in Sources */,
				61BBC3DF1C407905006C6DF0 /* Utilities.swift in Sources */,
				6141B1D51C6E5B200074BD8C /* Event.swift in Sources */,
				6141B1C51C6E538F0074BD8C /* Table.swift in Sources */,
				610E29B61C4D7847006B6016 /* Feature.swift in Sources */,
				610E29C01C4D78B6006B6016 /* FluxFeatureGenerator.swift in Sources */,
				61869FA31C8F4AF600FE4B14 /* PeakLocationsFeatureGenerator.swift in Sources */,
				6141B1DB1C6E5C150074BD8C /* Window.swift in Sources */,
				61BBC3CF1C407905006C6DF0 /* FeatureBuilder.swift in Sources */,
			);
			runOnlyForDeploymentPostprocessing = 0;
		};
		61BBC3BB1C407891006C6DF0 /* Sources */ = {
			isa = PBXSourcesBuildPhase;
			buildActionMask = 2147483647;
			files = (
				611756A21C407B930025446F /* NoteTests.swift in Sources */,
			);
			runOnlyForDeploymentPostprocessing = 0;
		};
		8C78456A1BB9B06600C88426 /* Sources */ = {
			isa = PBXSourcesBuildPhase;
			buildActionMask = 2147483647;
			files = (
				8C56779E1BE976140009ED31 /* FeatureBuilder.swift in Sources */,
				61AD3A631BEBDD5500FA2DB7 /* FeatureDatabase.swift in Sources */,
				612131CF1CADCCAD00299E03 /* DecayModel.swift in Sources */,
				610AAB851BDABEFA008CC910 /* Point.swift in Sources */,
				61C3CFEF1C7F7F5B002A9C90 /* Configuration.swift in Sources */,
				61A146071C4D75B60063FE84 /* FeatureGenerator.swift in Sources */,
				61A146051C4D759B0063FE84 /* FluxFeatureGenerator.swift in Sources */,
				61D485AD1BC4A3D70086CED8 /* Shuffle.swift in Sources */,
				618ACC0C1BE0686D008C23A8 /* Note.swift in Sources */,
				61A146041C4D759B0063FE84 /* SpectrumFeatureGenerator.swift in Sources */,
				6141B1D71C6E5B290074BD8C /* Label.swift in Sources */,
				610E29B81C4D78AC006B6016 /* PeakExtractor.swift in Sources */,
				6141B1D41C6E5B200074BD8C /* Event.swift in Sources */,
				610E29B51C4D7847006B6016 /* Feature.swift in Sources */,
				6141B1C41C6E538F0074BD8C /* Table.swift in Sources */,
				61A146001C4D759B0063FE84 /* BandsFeatureGenerator.swift in Sources */,
				61A146011C4D759B0063FE84 /* PeakHeightsFeatureGenerator.swift in Sources */,
				61869FA21C8F4AF600FE4B14 /* PeakLocationsFeatureGenerator.swift in Sources */,
				6141B1DA1C6E5C150074BD8C /* Window.swift in Sources */,
				8CDA0EF41BB9BA4300433755 /* Utilities.swift in Sources */,
			);
			runOnlyForDeploymentPostprocessing = 0;
		};
/* End PBXSourcesBuildPhase section */

/* Begin PBXTargetDependency section */
		6180A77B1C18ABFC00D63F00 /* PBXTargetDependency */ = {
			isa = PBXTargetDependency;
			target = 8C78456E1BB9B06600C88426 /* IntuneFeatures.OSX */;
			targetProxy = 6180A77A1C18ABFC00D63F00 /* PBXContainerItemProxy */;
		};
		61936AD51CEE74E200603B95 /* PBXTargetDependency */ = {
			isa = PBXTargetDependency;
			target = 8C78456E1BB9B06600C88426 /* IntuneFeatures.OSX */;
			targetProxy = 61936AD41CEE74E200603B95 /* PBXContainerItemProxy */;
		};
		61BBC3C21C407891006C6DF0 /* PBXTargetDependency */ = {
			isa = PBXTargetDependency;
			target = 61BBC3B51C407891006C6DF0 /* IntuneFeatures.iOS */;
			targetProxy = 61BBC3C11C407891006C6DF0 /* PBXContainerItemProxy */;
		};
/* End PBXTargetDependency section */

/* Begin XCBuildConfiguration section */
		6180A77D1C18ABFC00D63F00 /* Debug */ = {
			isa = XCBuildConfiguration;
			baseConfigurationReference = E651742FC2A0F2A0F0580409 /* Pods-osx-IntuneFeaturesTests.OSX.debug.xcconfig */;
			buildSettings = {
				ALWAYS_EMBED_SWIFT_STANDARD_LIBRARIES = YES;
				COMBINE_HIDPI_IMAGES = YES;
				INFOPLIST_FILE = "Resources/Tests-Info.plist";
				LD_RUNPATH_SEARCH_PATHS = "$(inherited) @executable_path/../Frameworks @loader_path/../Frameworks";
				PRODUCT_BUNDLE_IDENTIFIER = "com.venturemedia.IntuneFeaturesTests-OSX";
				PRODUCT_NAME = "$(TARGET_NAME)";
				SWIFT_VERSION = 3.0.1;
			};
			name = Debug;
		};
		6180A77E1C18ABFC00D63F00 /* Release */ = {
			isa = XCBuildConfiguration;
			baseConfigurationReference = 8E93B6C8950B175BD0DE9900 /* Pods-osx-IntuneFeaturesTests.OSX.release.xcconfig */;
			buildSettings = {
				ALWAYS_EMBED_SWIFT_STANDARD_LIBRARIES = YES;
				COMBINE_HIDPI_IMAGES = YES;
				INFOPLIST_FILE = "Resources/Tests-Info.plist";
				LD_RUNPATH_SEARCH_PATHS = "$(inherited) @executable_path/../Frameworks @loader_path/../Frameworks";
				PRODUCT_BUNDLE_IDENTIFIER = "com.venturemedia.IntuneFeaturesTests-OSX";
				PRODUCT_NAME = "$(TARGET_NAME)";
				SWIFT_VERSION = 3.0.1;
			};
			name = Release;
		};
		61936AC91CEE74A600603B95 /* Debug */ = {
			isa = XCBuildConfiguration;
			baseConfigurationReference = CE857E42B8DF1C8B94DAA9F0 /* Pods-osx-CompileFeatures.debug.xcconfig */;
			buildSettings = {
				ALWAYS_EMBED_SWIFT_STANDARD_LIBRARIES = NO;
				CLANG_ANALYZER_NONNULL = YES;
				CODE_SIGN_IDENTITY = "-";
				LD_RUNPATH_SEARCH_PATHS = "$(inherited) '@executable_path' '@executable_path/HDF5Kit-OSX' '@executable_path/Peak-AudioFile-MIDI' '@executable_path/Upsurge-OSX' '@loader_path/Libraries' '@loader_path/../Libraries' '@loader_path/../Frameworks' '@loader_path/Frameworks' '@executable_path/../Frameworks' '@executable_path/Frameworks'";
				PRODUCT_NAME = "$(TARGET_NAME)";
				SWIFT_VERSION = 3.0.1;
			};
			name = Debug;
		};
		61936ACA1CEE74A600603B95 /* Release */ = {
			isa = XCBuildConfiguration;
			baseConfigurationReference = 095756151E123BD2B414D10C /* Pods-osx-CompileFeatures.release.xcconfig */;
			buildSettings = {
				ALWAYS_EMBED_SWIFT_STANDARD_LIBRARIES = NO;
				CLANG_ANALYZER_NONNULL = YES;
				CODE_SIGN_IDENTITY = "-";
				LD_RUNPATH_SEARCH_PATHS = "$(inherited) '@executable_path' '@executable_path/HDF5Kit-OSX' '@executable_path/Peak-AudioFile-MIDI' '@executable_path/Upsurge-OSX' '@loader_path/Libraries' '@loader_path/../Libraries' '@loader_path/../Frameworks' '@loader_path/Frameworks' '@executable_path/../Frameworks' '@executable_path/Frameworks'";
				PRODUCT_NAME = "$(TARGET_NAME)";
				SWIFT_VERSION = 3.0.1;
			};
			name = Release;
		};
		61BBC3C71C407891006C6DF0 /* Debug */ = {
			isa = XCBuildConfiguration;
			baseConfigurationReference = 80ED6E9FBFA7A0431D3B70F2 /* Pods-IntuneFeatures.iOS.debug.xcconfig */;
			buildSettings = {
				ALWAYS_EMBED_SWIFT_STANDARD_LIBRARIES = YES;
				"CODE_SIGN_IDENTITY[sdk=iphoneos*]" = "";
				DEFINES_MODULE = YES;
				DYLIB_COMPATIBILITY_VERSION = 1;
				DYLIB_CURRENT_VERSION = 1;
				DYLIB_INSTALL_NAME_BASE = "@rpath";
				INFOPLIST_FILE = "Resources/Framework-Info.plist";
				INSTALL_PATH = "$(LOCAL_LIBRARY_DIR)/Frameworks";
				LD_RUNPATH_SEARCH_PATHS = "$(inherited) @executable_path/Frameworks @loader_path/Frameworks";
				PRODUCT_BUNDLE_IDENTIFIER = "com.venturemedia.IntuneFeatures-iOS";
				PRODUCT_NAME = IntuneFeatures;
				SDKROOT = iphoneos;
				SKIP_INSTALL = YES;
				SWIFT_VERSION = 3.0.1;
				TARGETED_DEVICE_FAMILY = "1,2";
			};
			name = Debug;
		};
		61BBC3C81C407891006C6DF0 /* Release */ = {
			isa = XCBuildConfiguration;
			baseConfigurationReference = 5FEDB69848DA0AE591186AE5 /* Pods-IntuneFeatures.iOS.release.xcconfig */;
			buildSettings = {
				ALWAYS_EMBED_SWIFT_STANDARD_LIBRARIES = YES;
				"CODE_SIGN_IDENTITY[sdk=iphoneos*]" = "";
				DEFINES_MODULE = YES;
				DYLIB_COMPATIBILITY_VERSION = 1;
				DYLIB_CURRENT_VERSION = 1;
				DYLIB_INSTALL_NAME_BASE = "@rpath";
				INFOPLIST_FILE = "Resources/Framework-Info.plist";
				INSTALL_PATH = "$(LOCAL_LIBRARY_DIR)/Frameworks";
				LD_RUNPATH_SEARCH_PATHS = "$(inherited) @executable_path/Frameworks @loader_path/Frameworks";
				PRODUCT_BUNDLE_IDENTIFIER = "com.venturemedia.IntuneFeatures-iOS";
				PRODUCT_NAME = IntuneFeatures;
				SDKROOT = iphoneos;
				SKIP_INSTALL = YES;
				SWIFT_VERSION = 3.0.1;
				TARGETED_DEVICE_FAMILY = "1,2";
				VALIDATE_PRODUCT = YES;
			};
			name = Release;
		};
		61BBC3C91C407891006C6DF0 /* Debug */ = {
			isa = XCBuildConfiguration;
			baseConfigurationReference = 5EBCBBDF18627ED23AFA09CA /* Pods-IntuneFeatures.iOS-IntuneFeaturesTests.iOS.debug.xcconfig */;
			buildSettings = {
				ALWAYS_EMBED_SWIFT_STANDARD_LIBRARIES = YES;
				"CODE_SIGN_IDENTITY[sdk=iphoneos*]" = "iPhone Developer";
				INFOPLIST_FILE = "Resources/Tests-Info.plist";
				LD_RUNPATH_SEARCH_PATHS = "$(inherited) @executable_path/Frameworks @loader_path/Frameworks";
				PRODUCT_BUNDLE_IDENTIFIER = "com.venturemedia.IntuneFeaturesTests-iOS";
				PRODUCT_NAME = "$(TARGET_NAME)";
				SDKROOT = iphoneos;
				SWIFT_VERSION = 3.0.1;
			};
			name = Debug;
		};
		61BBC3CA1C407891006C6DF0 /* Release */ = {
			isa = XCBuildConfiguration;
			baseConfigurationReference = F3696225CD2A7F6D69A67751 /* Pods-IntuneFeatures.iOS-IntuneFeaturesTests.iOS.release.xcconfig */;
			buildSettings = {
				ALWAYS_EMBED_SWIFT_STANDARD_LIBRARIES = YES;
				"CODE_SIGN_IDENTITY[sdk=iphoneos*]" = "iPhone Developer";
				INFOPLIST_FILE = "Resources/Tests-Info.plist";
				LD_RUNPATH_SEARCH_PATHS = "$(inherited) @executable_path/Frameworks @loader_path/Frameworks";
				PRODUCT_BUNDLE_IDENTIFIER = "com.venturemedia.IntuneFeaturesTests-iOS";
				PRODUCT_NAME = "$(TARGET_NAME)";
				SDKROOT = iphoneos;
				SWIFT_VERSION = 3.0.1;
				VALIDATE_PRODUCT = YES;
			};
			name = Release;
		};
		8C7845811BB9B06600C88426 /* Debug */ = {
			isa = XCBuildConfiguration;
			buildSettings = {
				ALWAYS_EMBED_SWIFT_STANDARD_LIBRARIES = YES;
				ALWAYS_SEARCH_USER_PATHS = NO;
				CLANG_CXX_LANGUAGE_STANDARD = "gnu++0x";
				CLANG_CXX_LIBRARY = "libc++";
				CLANG_ENABLE_MODULES = YES;
				CLANG_ENABLE_OBJC_ARC = YES;
				CLANG_WARN_BOOL_CONVERSION = YES;
				CLANG_WARN_CONSTANT_CONVERSION = YES;
				CLANG_WARN_DIRECT_OBJC_ISA_USAGE = YES_ERROR;
				CLANG_WARN_EMPTY_BODY = YES;
				CLANG_WARN_ENUM_CONVERSION = YES;
				CLANG_WARN_INFINITE_RECURSION = YES;
				CLANG_WARN_INT_CONVERSION = YES;
				CLANG_WARN_OBJC_ROOT_CLASS = YES_ERROR;
				CLANG_WARN_SUSPICIOUS_MOVE = YES;
				CLANG_WARN_UNREACHABLE_CODE = YES;
				CLANG_WARN__DUPLICATE_METHOD_MATCH = YES;
				COPY_PHASE_STRIP = NO;
				CURRENT_PROJECT_VERSION = 1;
				DEBUG_INFORMATION_FORMAT = dwarf;
				ENABLE_STRICT_OBJC_MSGSEND = YES;
				ENABLE_TESTABILITY = YES;
				GCC_C_LANGUAGE_STANDARD = gnu99;
				GCC_DYNAMIC_NO_PIC = NO;
				GCC_NO_COMMON_BLOCKS = YES;
				GCC_OPTIMIZATION_LEVEL = 0;
				GCC_PREPROCESSOR_DEFINITIONS = (
					"DEBUG=1",
					"$(inherited)",
				);
				GCC_WARN_64_TO_32_BIT_CONVERSION = YES;
				GCC_WARN_ABOUT_RETURN_TYPE = YES_ERROR;
				GCC_WARN_UNDECLARED_SELECTOR = YES;
				GCC_WARN_UNINITIALIZED_AUTOS = YES_AGGRESSIVE;
				GCC_WARN_UNUSED_FUNCTION = YES;
				GCC_WARN_UNUSED_VARIABLE = YES;
				IPHONEOS_DEPLOYMENT_TARGET = 9.3;
				LD_RUNPATH_SEARCH_PATHS = "$(inherited) '@executable_path' '@executable_path/HDF5Kit-OSX' '@executable_path/Peak-AudioFile-MIDI' '@executable_path/Upsurge-OSX' '@loader_path/Libraries' '@loader_path/../Libraries' '@loader_path/../Frameworks' '@loader_path/Frameworks' '@executable_path/../Frameworks' '@executable_path/Frameworks'";
				MACOSX_DEPLOYMENT_TARGET = 10.11;
				MTL_ENABLE_DEBUG_INFO = YES;
				ONLY_ACTIVE_ARCH = YES;
				SDKROOT = macosx;
				SWIFT_OPTIMIZATION_LEVEL = "-Onone";
				SWIFT_VERSION = 3.0.1;
				VERSIONING_SYSTEM = "apple-generic";
				VERSION_INFO_PREFIX = "";
			};
			name = Debug;
		};
		8C7845821BB9B06600C88426 /* Release */ = {
			isa = XCBuildConfiguration;
			buildSettings = {
				ALWAYS_EMBED_SWIFT_STANDARD_LIBRARIES = YES;
				ALWAYS_SEARCH_USER_PATHS = NO;
				CLANG_CXX_LANGUAGE_STANDARD = "gnu++0x";
				CLANG_CXX_LIBRARY = "libc++";
				CLANG_ENABLE_MODULES = YES;
				CLANG_ENABLE_OBJC_ARC = YES;
				CLANG_WARN_BOOL_CONVERSION = YES;
				CLANG_WARN_CONSTANT_CONVERSION = YES;
				CLANG_WARN_DIRECT_OBJC_ISA_USAGE = YES_ERROR;
				CLANG_WARN_EMPTY_BODY = YES;
				CLANG_WARN_ENUM_CONVERSION = YES;
				CLANG_WARN_INFINITE_RECURSION = YES;
				CLANG_WARN_INT_CONVERSION = YES;
				CLANG_WARN_OBJC_ROOT_CLASS = YES_ERROR;
				CLANG_WARN_SUSPICIOUS_MOVE = YES;
				CLANG_WARN_UNREACHABLE_CODE = YES;
				CLANG_WARN__DUPLICATE_METHOD_MATCH = YES;
				COPY_PHASE_STRIP = NO;
				CURRENT_PROJECT_VERSION = 1;
				DEBUG_INFORMATION_FORMAT = "dwarf-with-dsym";
				ENABLE_NS_ASSERTIONS = NO;
				ENABLE_STRICT_OBJC_MSGSEND = YES;
				GCC_C_LANGUAGE_STANDARD = gnu99;
				GCC_NO_COMMON_BLOCKS = YES;
				GCC_WARN_64_TO_32_BIT_CONVERSION = YES;
				GCC_WARN_ABOUT_RETURN_TYPE = YES_ERROR;
				GCC_WARN_UNDECLARED_SELECTOR = YES;
				GCC_WARN_UNINITIALIZED_AUTOS = YES_AGGRESSIVE;
				GCC_WARN_UNUSED_FUNCTION = YES;
				GCC_WARN_UNUSED_VARIABLE = YES;
				IPHONEOS_DEPLOYMENT_TARGET = 9.3;
				LD_RUNPATH_SEARCH_PATHS = "$(inherited) '@executable_path' '@executable_path/HDF5Kit-OSX' '@executable_path/Peak-AudioFile-MIDI' '@executable_path/Upsurge-OSX' '@loader_path/Libraries' '@loader_path/../Libraries' '@loader_path/../Frameworks' '@loader_path/Frameworks' '@executable_path/../Frameworks' '@executable_path/Frameworks'";
				MACOSX_DEPLOYMENT_TARGET = 10.11;
				MTL_ENABLE_DEBUG_INFO = NO;
				SDKROOT = macosx;
				SWIFT_OPTIMIZATION_LEVEL = "-Owholemodule";
				SWIFT_VERSION = 3.0.1;
				VERSIONING_SYSTEM = "apple-generic";
				VERSION_INFO_PREFIX = "";
			};
			name = Release;
		};
		8C7845841BB9B06600C88426 /* Debug */ = {
			isa = XCBuildConfiguration;
			baseConfigurationReference = 3BA59CA35CC473E2B26AB069 /* Pods-osx-IntuneFeatures.OSX.debug.xcconfig */;
			buildSettings = {
				ALWAYS_EMBED_SWIFT_STANDARD_LIBRARIES = YES;
				CLANG_ENABLE_MODULES = YES;
				CODE_SIGN_IDENTITY = "";
				COMBINE_HIDPI_IMAGES = YES;
				DEFINES_MODULE = YES;
				DYLIB_COMPATIBILITY_VERSION = 1;
				DYLIB_CURRENT_VERSION = 1;
				DYLIB_INSTALL_NAME_BASE = "@rpath";
				FRAMEWORK_VERSION = A;
				INFOPLIST_FILE = "Resources/Framework-Info.plist";
				INSTALL_PATH = "$(LOCAL_LIBRARY_DIR)/Frameworks";
				LD_RUNPATH_SEARCH_PATHS = "$(inherited) '@executable_path' '@executable_path/HDF5Kit-OSX' '@executable_path/Peak-AudioFile-MIDI' '@executable_path/Upsurge-OSX' '@loader_path/Libraries' '@loader_path/../Libraries' '@loader_path/../Frameworks' '@loader_path/Frameworks' '@executable_path/../Frameworks' '@executable_path/Frameworks'";
				PRODUCT_BUNDLE_IDENTIFIER = "com.venturemedia.IntuneFeatures-OSX";
				PRODUCT_NAME = IntuneFeatures;
				SKIP_INSTALL = YES;
				SWIFT_OPTIMIZATION_LEVEL = "-Onone";
				SWIFT_VERSION = 3.0.1;
			};
			name = Debug;
		};
		8C7845851BB9B06600C88426 /* Release */ = {
			isa = XCBuildConfiguration;
			baseConfigurationReference = 1DCFEBA235027B2710FC5923 /* Pods-osx-IntuneFeatures.OSX.release.xcconfig */;
			buildSettings = {
				ALWAYS_EMBED_SWIFT_STANDARD_LIBRARIES = YES;
				CLANG_ENABLE_MODULES = YES;
				CODE_SIGN_IDENTITY = "";
				COMBINE_HIDPI_IMAGES = YES;
				DEFINES_MODULE = YES;
				DYLIB_COMPATIBILITY_VERSION = 1;
				DYLIB_CURRENT_VERSION = 1;
				DYLIB_INSTALL_NAME_BASE = "@rpath";
				FRAMEWORK_VERSION = A;
				INFOPLIST_FILE = "Resources/Framework-Info.plist";
				INSTALL_PATH = "$(LOCAL_LIBRARY_DIR)/Frameworks";
				LD_RUNPATH_SEARCH_PATHS = "$(inherited) '@executable_path' '@executable_path/HDF5Kit-OSX' '@executable_path/Peak-AudioFile-MIDI' '@executable_path/Upsurge-OSX' '@loader_path/Libraries' '@loader_path/../Libraries' '@loader_path/../Frameworks' '@loader_path/Frameworks' '@executable_path/../Frameworks' '@executable_path/Frameworks'";
				PRODUCT_BUNDLE_IDENTIFIER = "com.venturemedia.IntuneFeatures-OSX";
				PRODUCT_NAME = IntuneFeatures;
				SKIP_INSTALL = YES;
				SWIFT_VERSION = 3.0.1;
			};
			name = Release;
		};
/* End XCBuildConfiguration section */

/* Begin XCConfigurationList section */
		6180A77C1C18ABFC00D63F00 /* Build configuration list for PBXNativeTarget "IntuneFeaturesTests.OSX" */ = {
			isa = XCConfigurationList;
			buildConfigurations = (
				6180A77D1C18ABFC00D63F00 /* Debug */,
				6180A77E1C18ABFC00D63F00 /* Release */,
			);
			defaultConfigurationIsVisible = 0;
			defaultConfigurationName = Release;
		};
		61936ACB1CEE74A600603B95 /* Build configuration list for PBXNativeTarget "CompileFeatures" */ = {
			isa = XCConfigurationList;
			buildConfigurations = (
				61936AC91CEE74A600603B95 /* Debug */,
				61936ACA1CEE74A600603B95 /* Release */,
			);
			defaultConfigurationIsVisible = 0;
			defaultConfigurationName = Release;
		};
		61BBC3CB1C407891006C6DF0 /* Build configuration list for PBXNativeTarget "IntuneFeatures.iOS" */ = {
			isa = XCConfigurationList;
			buildConfigurations = (
				61BBC3C71C407891006C6DF0 /* Debug */,
				61BBC3C81C407891006C6DF0 /* Release */,
			);
			defaultConfigurationIsVisible = 0;
			defaultConfigurationName = Release;
		};
		61BBC3CC1C407891006C6DF0 /* Build configuration list for PBXNativeTarget "IntuneFeaturesTests.iOS" */ = {
			isa = XCConfigurationList;
			buildConfigurations = (
				61BBC3C91C407891006C6DF0 /* Debug */,
				61BBC3CA1C407891006C6DF0 /* Release */,
			);
			defaultConfigurationIsVisible = 0;
			defaultConfigurationName = Release;
		};
		8C7845691BB9B06600C88426 /* Build configuration list for PBXProject "IntuneFeatures" */ = {
			isa = XCConfigurationList;
			buildConfigurations = (
				8C7845811BB9B06600C88426 /* Debug */,
				8C7845821BB9B06600C88426 /* Release */,
			);
			defaultConfigurationIsVisible = 0;
			defaultConfigurationName = Release;
		};
		8C7845831BB9B06600C88426 /* Build configuration list for PBXNativeTarget "IntuneFeatures.OSX" */ = {
			isa = XCConfigurationList;
			buildConfigurations = (
				8C7845841BB9B06600C88426 /* Debug */,
				8C7845851BB9B06600C88426 /* Release */,
			);
			defaultConfigurationIsVisible = 0;
			defaultConfigurationName = Release;
		};
/* End XCConfigurationList section */
	};
	rootObject = 8C7845661BB9B06600C88426 /* Project object */;
}
