// !$*UTF8*$!
{
	archiveVersion = 1;
	classes = {
	};
	objectVersion = 46;
	objects = {

/* Begin PBXBuildFile section */
		610AAB671BD99737008CC910 /* NoteTests.swift in Sources */ = {isa = PBXBuildFile; fileRef = 610AAB661BD99737008CC910 /* NoteTests.swift */; };
		610AAB851BDABEFA008CC910 /* Point.swift in Sources */ = {isa = PBXBuildFile; fileRef = 610AAB841BDABEFA008CC910 /* Point.swift */; };
		6122EF431BD80C6C001AE862 /* BandFluxesFeature.swift in Sources */ = {isa = PBXBuildFile; fileRef = 6122EF421BD80C6C001AE862 /* BandFluxesFeature.swift */; };
		6122EF451BD81CE9001AE862 /* BandsFeature.swift in Sources */ = {isa = PBXBuildFile; fileRef = 6122EF441BD81CE9001AE862 /* BandsFeature.swift */; };
		6126D7171BE976D9007F8BE4 /* PeakHeightsViewController.swift in Sources */ = {isa = PBXBuildFile; fileRef = 6126D7161BE976D9007F8BE4 /* PeakHeightsViewController.swift */; };
		6156937B1BE82C5A0094E204 /* FileViewController.swift in Sources */ = {isa = PBXBuildFile; fileRef = 6156937A1BE82C5A0094E204 /* FileViewController.swift */; };
		615693891BE82F6A0094E204 /* FeaturesViewController.swift in Sources */ = {isa = PBXBuildFile; fileRef = 615693881BE82F6A0094E204 /* FeaturesViewController.swift */; };
		6156938B1BE83D4C0094E204 /* SpectrumViewController.swift in Sources */ = {isa = PBXBuildFile; fileRef = 6156938A1BE83D4C0094E204 /* SpectrumViewController.swift */; };
		6156938D1BE843C70094E204 /* Configuration.swift in Sources */ = {isa = PBXBuildFile; fileRef = 6156938C1BE843C70094E204 /* Configuration.swift */; };
		6185A77B1BD337E100CD5FC5 /* AppDelegate.swift in Sources */ = {isa = PBXBuildFile; fileRef = 6185A77A1BD337E100CD5FC5 /* AppDelegate.swift */; };
		6185A77D1BD337E100CD5FC5 /* ViewController.swift in Sources */ = {isa = PBXBuildFile; fileRef = 6185A77C1BD337E100CD5FC5 /* ViewController.swift */; };
		6185A7801BD337E100CD5FC5 /* Main.storyboard in Resources */ = {isa = PBXBuildFile; fileRef = 6185A77E1BD337E100CD5FC5 /* Main.storyboard */; };
		6185A7821BD337E100CD5FC5 /* Assets.xcassets in Resources */ = {isa = PBXBuildFile; fileRef = 6185A7811BD337E100CD5FC5 /* Assets.xcassets */; };
		6185A7851BD337E100CD5FC5 /* LaunchScreen.storyboard in Resources */ = {isa = PBXBuildFile; fileRef = 6185A7831BD337E100CD5FC5 /* LaunchScreen.storyboard */; };
		6185A78B1BD337FB00CD5FC5 /* Net.swift in Sources */ = {isa = PBXBuildFile; fileRef = 6185A78A1BD337FB00CD5FC5 /* Net.swift */; };
		6185AA081BD4118A00CD5FC5 /* net.h5 in Resources */ = {isa = PBXBuildFile; fileRef = 6185AA071BD4118A00CD5FC5 /* net.h5 */; };
		6185AA0B1BD411A400CD5FC5 /* testing.h5 in Resources */ = {isa = PBXBuildFile; fileRef = 6185AA091BD411A400CD5FC5 /* testing.h5 */; };
		6185AA0C1BD411A400CD5FC5 /* training.h5 in Resources */ = {isa = PBXBuildFile; fileRef = 6185AA0A1BD411A400CD5FC5 /* training.h5 */; };
		618ACC0C1BE0686D008C23A8 /* Note.swift in Sources */ = {isa = PBXBuildFile; fileRef = 618ACC0B1BE0686D008C23A8 /* Note.swift */; };
		619297E41BE989EC009A90EB /* PeakLocationsViewController.swift in Sources */ = {isa = PBXBuildFile; fileRef = 619297E31BE989EC009A90EB /* PeakLocationsViewController.swift */; };
		61A46BCB1BDEC578001D2288 /* AppDelegate.swift in Sources */ = {isa = PBXBuildFile; fileRef = 61A46BCA1BDEC578001D2288 /* AppDelegate.swift */; };
		61A46BCF1BDEC578001D2288 /* Assets.xcassets in Resources */ = {isa = PBXBuildFile; fileRef = 61A46BCE1BDEC578001D2288 /* Assets.xcassets */; };
		61A46BD21BDEC578001D2288 /* Main.storyboard in Resources */ = {isa = PBXBuildFile; fileRef = 61A46BD01BDEC578001D2288 /* Main.storyboard */; };
		61A46BFE1BDED992001D2288 /* MainViewController.swift in Sources */ = {isa = PBXBuildFile; fileRef = 61A46BFD1BDED992001D2288 /* MainViewController.swift */; };
		61A46C001BDEE0BA001D2288 /* FilesystemViewController.swift in Sources */ = {isa = PBXBuildFile; fileRef = 61A46BFF1BDEE0BA001D2288 /* FilesystemViewController.swift */; };
		61AD3A631BEBDD5500FA2DB7 /* FeatureDatabase.swift in Sources */ = {isa = PBXBuildFile; fileRef = 61AD3A621BEBDD5500FA2DB7 /* FeatureDatabase.swift */; };
		61BBAF681BC43A7300A03FD0 /* Feature.swift in Sources */ = {isa = PBXBuildFile; fileRef = 61BBAF671BC43A7300A03FD0 /* Feature.swift */; };
		61BBAF6F1BC43BF800A03FD0 /* Example.swift in Sources */ = {isa = PBXBuildFile; fileRef = 61BBAF6E1BC43BF800A03FD0 /* Example.swift */; };
		61BBAF711BC43F8100A03FD0 /* RMSFeature.swift in Sources */ = {isa = PBXBuildFile; fileRef = 61BBAF701BC43F8100A03FD0 /* RMSFeature.swift */; };
		61BBAF731BC4408300A03FD0 /* PeakLocationsFeature.swift in Sources */ = {isa = PBXBuildFile; fileRef = 61BBAF721BC4408300A03FD0 /* PeakLocationsFeature.swift */; };
		61BBAF751BC4408F00A03FD0 /* PeakHeightsFeature.swift in Sources */ = {isa = PBXBuildFile; fileRef = 61BBAF741BC4408F00A03FD0 /* PeakHeightsFeature.swift */; };
		61BBAF771BC440A800A03FD0 /* SpectrumFeature.swift in Sources */ = {isa = PBXBuildFile; fileRef = 61BBAF761BC440A800A03FD0 /* SpectrumFeature.swift */; };
		61CE4C4B1BED89EB000E0D34 /* HDF5Kit.framework in Frameworks */ = {isa = PBXBuildFile; fileRef = 61CE4C311BED89EB000E0D34 /* HDF5Kit.framework */; };
		61CE4C4E1BED89EB000E0D34 /* Upsurge.framework in Frameworks */ = {isa = PBXBuildFile; fileRef = 61CE4C371BED89EB000E0D34 /* Upsurge.framework */; };
		61CE4C531BED8A09000E0D34 /* HDF5Kit.framework in Frameworks */ = {isa = PBXBuildFile; fileRef = 61CE4C311BED89EB000E0D34 /* HDF5Kit.framework */; };
		61CE4C541BED8A0D000E0D34 /* HDF5Kit.framework in Frameworks */ = {isa = PBXBuildFile; fileRef = 61CE4C311BED89EB000E0D34 /* HDF5Kit.framework */; };
		61CE4C551BED8A22000E0D34 /* Peak.framework in Frameworks */ = {isa = PBXBuildFile; fileRef = 61CE4C331BED89EB000E0D34 /* Peak.framework */; };
		61CE4C561BED8A29000E0D34 /* PlotKit.framework in Frameworks */ = {isa = PBXBuildFile; fileRef = 61CE4C351BED89EB000E0D34 /* PlotKit.framework */; };
		61CE4C571BED8A33000E0D34 /* Upsurge.framework in Frameworks */ = {isa = PBXBuildFile; fileRef = 61CE4C371BED89EB000E0D34 /* Upsurge.framework */; };
		61CE4C581BED8A34000E0D34 /* Upsurge.framework in Frameworks */ = {isa = PBXBuildFile; fileRef = 61CE4C371BED89EB000E0D34 /* Upsurge.framework */; };
		61CE4C591BED8A48000E0D34 /* HDF5Kit.framework in Frameworks */ = {isa = PBXBuildFile; fileRef = 61CE4C441BED89EB000E0D34 /* HDF5Kit.framework */; };
		61CE4C5A1BED8A4F000E0D34 /* Upsurge.framework in Frameworks */ = {isa = PBXBuildFile; fileRef = 61CE4C481BED89EB000E0D34 /* Upsurge.framework */; };
		61CE4C5D1BED8B42000E0D34 /* Peak.framework in Frameworks */ = {isa = PBXBuildFile; fileRef = 61CE4C331BED89EB000E0D34 /* Peak.framework */; };
		61CE4C5E1BED8BB6000E0D34 /* BrainCore.framework in Frameworks */ = {isa = PBXBuildFile; fileRef = 61CE4C3E1BED89EB000E0D34 /* BrainCore.framework */; };
		61D485AD1BC4A3D70086CED8 /* Shuffle.swift in Sources */ = {isa = PBXBuildFile; fileRef = 61D485AC1BC4A3D70086CED8 /* Shuffle.swift */; };
		61EB527E1BD55F90000572B9 /* Stats.swift in Sources */ = {isa = PBXBuildFile; fileRef = 61EB527D1BD55F90000572B9 /* Stats.swift */; };
		8C56779B1BE9600C0009ED31 /* FeatureData.swift in Sources */ = {isa = PBXBuildFile; fileRef = 8C56779A1BE9600C0009ED31 /* FeatureData.swift */; };
		8C56779E1BE976140009ED31 /* FeatureBuilder.swift in Sources */ = {isa = PBXBuildFile; fileRef = 8C56779C1BE9731E0009ED31 /* FeatureBuilder.swift */; };
		8C7845731BB9B06600C88426 /* FeatureExtraction.h in Headers */ = {isa = PBXBuildFile; fileRef = 8C7845721BB9B06600C88426 /* FeatureExtraction.h */; settings = {ATTRIBUTES = (Public, ); }; };
		8C78457A1BB9B06600C88426 /* FeatureExtraction.framework in Frameworks */ = {isa = PBXBuildFile; fileRef = 8C78456F1BB9B06600C88426 /* FeatureExtraction.framework */; };
		8C7E7ABB1BBB37CC00BBC93C /* PeakExtractor.swift in Sources */ = {isa = PBXBuildFile; fileRef = 8C7E7ABA1BBB37CC00BBC93C /* PeakExtractor.swift */; };
		8C97003A1BDFDCB4002A81A3 /* main.swift in Sources */ = {isa = PBXBuildFile; fileRef = 8C9700391BDFDCB4002A81A3 /* main.swift */; };
		8C9700EF1BE12C00002A81A3 /* PolyExampleBuilder.swift in Sources */ = {isa = PBXBuildFile; fileRef = 8C9700EE1BE12C00002A81A3 /* PolyExampleBuilder.swift */; };
		8CDA0EF41BB9BA4300433755 /* Utilities.swift in Sources */ = {isa = PBXBuildFile; fileRef = 8CDA0EF31BB9BA4300433755 /* Utilities.swift */; };
		8CDA0EF61BB9C60800433755 /* DistancePeakExtractionTests.swift in Sources */ = {isa = PBXBuildFile; fileRef = 8CDA0EF51BB9C60800433755 /* DistancePeakExtractionTests.swift */; };
		8CDE47961BBF117C00A98419 /* MonoExampleBuilder.swift in Sources */ = {isa = PBXBuildFile; fileRef = 8CDE47921BBF117C00A98419 /* MonoExampleBuilder.swift */; };
		8CDE47981BBF117C00A98419 /* FeatureCompiler.swift in Sources */ = {isa = PBXBuildFile; fileRef = 8CDE47941BBF117C00A98419 /* FeatureCompiler.swift */; };
		8CDE479C1BBF11A000A98419 /* main.swift in Sources */ = {isa = PBXBuildFile; fileRef = 8CDE479B1BBF11A000A98419 /* main.swift */; };
		8CDE47A01BBF2FA000A98419 /* String+Paths.swift in Sources */ = {isa = PBXBuildFile; fileRef = 8CDE479F1BBF2FA000A98419 /* String+Paths.swift */; };
		8CDE47EF1BBF39C800A98419 /* FeatureExtraction.framework in Frameworks */ = {isa = PBXBuildFile; fileRef = 8C78456F1BB9B06600C88426 /* FeatureExtraction.framework */; };
/* End PBXBuildFile section */

/* Begin PBXContainerItemProxy section */
		61A46BE31BDEC58F001D2288 /* PBXContainerItemProxy */ = {
			isa = PBXContainerItemProxy;
			containerPortal = 8C7845661BB9B06600C88426 /* Project object */;
			proxyType = 1;
			remoteGlobalIDString = 8C78456E1BB9B06600C88426;
			remoteInfo = FeatureExtraction;
		};
		8C78457B1BB9B06600C88426 /* PBXContainerItemProxy */ = {
			isa = PBXContainerItemProxy;
			containerPortal = 8C7845661BB9B06600C88426 /* Project object */;
			proxyType = 1;
			remoteGlobalIDString = 8C78456E1BB9B06600C88426;
			remoteInfo = FeatureExtraction;
		};
		8CDE47F31BBF39D500A98419 /* PBXContainerItemProxy */ = {
			isa = PBXContainerItemProxy;
			containerPortal = 8C7845661BB9B06600C88426 /* Project object */;
			proxyType = 1;
			remoteGlobalIDString = 8C78456E1BB9B06600C88426;
			remoteInfo = FeatureExtraction;
		};
/* End PBXContainerItemProxy section */

/* Begin PBXCopyFilesBuildPhase section */
		61C97C921BD867CF00DE88E6 /* Embed Frameworks */ = {
			isa = PBXCopyFilesBuildPhase;
			buildActionMask = 2147483647;
			dstPath = "";
			dstSubfolderSpec = 10;
			files = (
			);
			name = "Embed Frameworks";
			runOnlyForDeploymentPostprocessing = 0;
		};
		8CDE47881BBF116900A98419 /* CopyFiles */ = {
			isa = PBXCopyFilesBuildPhase;
			buildActionMask = 2147483647;
			dstPath = /usr/share/man/man1/;
			dstSubfolderSpec = 0;
			files = (
			);
			runOnlyForDeploymentPostprocessing = 1;
		};
/* End PBXCopyFilesBuildPhase section */

/* Begin PBXFileReference section */
		610AAB661BD99737008CC910 /* NoteTests.swift */ = {isa = PBXFileReference; fileEncoding = 4; lastKnownFileType = sourcecode.swift; path = NoteTests.swift; sourceTree = "<group>"; };
		610AAB841BDABEFA008CC910 /* Point.swift */ = {isa = PBXFileReference; fileEncoding = 4; lastKnownFileType = sourcecode.swift; path = Point.swift; sourceTree = "<group>"; };
		6122EF421BD80C6C001AE862 /* BandFluxesFeature.swift */ = {isa = PBXFileReference; fileEncoding = 4; lastKnownFileType = sourcecode.swift; path = BandFluxesFeature.swift; sourceTree = "<group>"; };
		6122EF441BD81CE9001AE862 /* BandsFeature.swift */ = {isa = PBXFileReference; fileEncoding = 4; lastKnownFileType = sourcecode.swift; path = BandsFeature.swift; sourceTree = "<group>"; };
		6126D7161BE976D9007F8BE4 /* PeakHeightsViewController.swift */ = {isa = PBXFileReference; fileEncoding = 4; lastKnownFileType = sourcecode.swift; path = PeakHeightsViewController.swift; sourceTree = "<group>"; };
		6156937A1BE82C5A0094E204 /* FileViewController.swift */ = {isa = PBXFileReference; fileEncoding = 4; lastKnownFileType = sourcecode.swift; path = FileViewController.swift; sourceTree = "<group>"; };
		615693881BE82F6A0094E204 /* FeaturesViewController.swift */ = {isa = PBXFileReference; fileEncoding = 4; lastKnownFileType = sourcecode.swift; path = FeaturesViewController.swift; sourceTree = "<group>"; };
		6156938A1BE83D4C0094E204 /* SpectrumViewController.swift */ = {isa = PBXFileReference; fileEncoding = 4; lastKnownFileType = sourcecode.swift; path = SpectrumViewController.swift; sourceTree = "<group>"; };
		6156938C1BE843C70094E204 /* Configuration.swift */ = {isa = PBXFileReference; fileEncoding = 4; lastKnownFileType = sourcecode.swift; path = Configuration.swift; sourceTree = "<group>"; };
		6185A7781BD337E100CD5FC5 /* NetEval.app */ = {isa = PBXFileReference; explicitFileType = wrapper.application; includeInIndex = 0; path = NetEval.app; sourceTree = BUILT_PRODUCTS_DIR; };
		6185A77A1BD337E100CD5FC5 /* AppDelegate.swift */ = {isa = PBXFileReference; lastKnownFileType = sourcecode.swift; path = AppDelegate.swift; sourceTree = "<group>"; };
		6185A77C1BD337E100CD5FC5 /* ViewController.swift */ = {isa = PBXFileReference; lastKnownFileType = sourcecode.swift; path = ViewController.swift; sourceTree = "<group>"; };
		6185A77F1BD337E100CD5FC5 /* Base */ = {isa = PBXFileReference; lastKnownFileType = file.storyboard; name = Base; path = Base.lproj/Main.storyboard; sourceTree = "<group>"; };
		6185A7811BD337E100CD5FC5 /* Assets.xcassets */ = {isa = PBXFileReference; lastKnownFileType = folder.assetcatalog; path = Assets.xcassets; sourceTree = "<group>"; };
		6185A7841BD337E100CD5FC5 /* Base */ = {isa = PBXFileReference; lastKnownFileType = file.storyboard; name = Base; path = Base.lproj/LaunchScreen.storyboard; sourceTree = "<group>"; };
		6185A7861BD337E100CD5FC5 /* Info.plist */ = {isa = PBXFileReference; lastKnownFileType = text.plist.xml; path = Info.plist; sourceTree = "<group>"; };
		6185A78A1BD337FB00CD5FC5 /* Net.swift */ = {isa = PBXFileReference; fileEncoding = 4; lastKnownFileType = sourcecode.swift; path = Net.swift; sourceTree = "<group>"; };
		6185AA071BD4118A00CD5FC5 /* net.h5 */ = {isa = PBXFileReference; lastKnownFileType = file; path = net.h5; sourceTree = SOURCE_ROOT; };
		6185AA091BD411A400CD5FC5 /* testing.h5 */ = {isa = PBXFileReference; lastKnownFileType = file; path = testing.h5; sourceTree = SOURCE_ROOT; };
		6185AA0A1BD411A400CD5FC5 /* training.h5 */ = {isa = PBXFileReference; lastKnownFileType = file; path = training.h5; sourceTree = SOURCE_ROOT; };
		618ACC0B1BE0686D008C23A8 /* Note.swift */ = {isa = PBXFileReference; fileEncoding = 4; lastKnownFileType = sourcecode.swift; path = Note.swift; sourceTree = "<group>"; };
		619297E31BE989EC009A90EB /* PeakLocationsViewController.swift */ = {isa = PBXFileReference; fileEncoding = 4; lastKnownFileType = sourcecode.swift; path = PeakLocationsViewController.swift; sourceTree = "<group>"; };
		61A46BC81BDEC578001D2288 /* FeatureExplorer.app */ = {isa = PBXFileReference; explicitFileType = wrapper.application; includeInIndex = 0; path = FeatureExplorer.app; sourceTree = BUILT_PRODUCTS_DIR; };
		61A46BCA1BDEC578001D2288 /* AppDelegate.swift */ = {isa = PBXFileReference; lastKnownFileType = sourcecode.swift; path = AppDelegate.swift; sourceTree = "<group>"; };
		61A46BCE1BDEC578001D2288 /* Assets.xcassets */ = {isa = PBXFileReference; lastKnownFileType = folder.assetcatalog; path = Assets.xcassets; sourceTree = "<group>"; };
		61A46BD11BDEC578001D2288 /* Base */ = {isa = PBXFileReference; lastKnownFileType = file.storyboard; name = Base; path = Base.lproj/Main.storyboard; sourceTree = "<group>"; };
		61A46BD31BDEC578001D2288 /* Info.plist */ = {isa = PBXFileReference; lastKnownFileType = text.plist.xml; path = Info.plist; sourceTree = "<group>"; };
		61A46BEC1BDEC59F001D2288 /* PlotKit.framework */ = {isa = PBXFileReference; lastKnownFileType = wrapper.framework; name = PlotKit.framework; path = ../Submodules/PlotKit/build/Debug/PlotKit.framework; sourceTree = "<group>"; };
		61A46BFD1BDED992001D2288 /* MainViewController.swift */ = {isa = PBXFileReference; fileEncoding = 4; lastKnownFileType = sourcecode.swift; path = MainViewController.swift; sourceTree = "<group>"; };
		61A46BFF1BDEE0BA001D2288 /* FilesystemViewController.swift */ = {isa = PBXFileReference; fileEncoding = 4; lastKnownFileType = sourcecode.swift; path = FilesystemViewController.swift; sourceTree = "<group>"; };
		61AD3A621BEBDD5500FA2DB7 /* FeatureDatabase.swift */ = {isa = PBXFileReference; fileEncoding = 4; lastKnownFileType = sourcecode.swift; path = FeatureDatabase.swift; sourceTree = "<group>"; };
		61BBAF671BC43A7300A03FD0 /* Feature.swift */ = {isa = PBXFileReference; fileEncoding = 4; lastKnownFileType = sourcecode.swift; path = Feature.swift; sourceTree = "<group>"; };
		61BBAF6E1BC43BF800A03FD0 /* Example.swift */ = {isa = PBXFileReference; fileEncoding = 4; lastKnownFileType = sourcecode.swift; path = Example.swift; sourceTree = "<group>"; };
		61BBAF701BC43F8100A03FD0 /* RMSFeature.swift */ = {isa = PBXFileReference; fileEncoding = 4; lastKnownFileType = sourcecode.swift; path = RMSFeature.swift; sourceTree = "<group>"; };
		61BBAF721BC4408300A03FD0 /* PeakLocationsFeature.swift */ = {isa = PBXFileReference; fileEncoding = 4; lastKnownFileType = sourcecode.swift; path = PeakLocationsFeature.swift; sourceTree = "<group>"; };
		61BBAF741BC4408F00A03FD0 /* PeakHeightsFeature.swift */ = {isa = PBXFileReference; fileEncoding = 4; lastKnownFileType = sourcecode.swift; path = PeakHeightsFeature.swift; sourceTree = "<group>"; };
		61BBAF761BC440A800A03FD0 /* SpectrumFeature.swift */ = {isa = PBXFileReference; fileEncoding = 4; lastKnownFileType = sourcecode.swift; path = SpectrumFeature.swift; sourceTree = "<group>"; };
		61CE4C2F1BED89EB000E0D34 /* BrainCore.framework */ = {isa = PBXFileReference; lastKnownFileType = wrapper.framework; path = BrainCore.framework; sourceTree = "<group>"; };
		61CE4C301BED89EB000E0D34 /* BrainCore.framework.dSYM */ = {isa = PBXFileReference; lastKnownFileType = wrapper.dsym; path = BrainCore.framework.dSYM; sourceTree = "<group>"; };
		61CE4C311BED89EB000E0D34 /* HDF5Kit.framework */ = {isa = PBXFileReference; lastKnownFileType = wrapper.framework; path = HDF5Kit.framework; sourceTree = "<group>"; };
		61CE4C321BED89EB000E0D34 /* HDF5Kit.framework.dSYM */ = {isa = PBXFileReference; lastKnownFileType = wrapper.dsym; path = HDF5Kit.framework.dSYM; sourceTree = "<group>"; };
		61CE4C331BED89EB000E0D34 /* Peak.framework */ = {isa = PBXFileReference; lastKnownFileType = wrapper.framework; path = Peak.framework; sourceTree = "<group>"; };
		61CE4C341BED89EB000E0D34 /* Peak.framework.dSYM */ = {isa = PBXFileReference; lastKnownFileType = wrapper.dsym; path = Peak.framework.dSYM; sourceTree = "<group>"; };
		61CE4C351BED89EB000E0D34 /* PlotKit.framework */ = {isa = PBXFileReference; lastKnownFileType = wrapper.framework; path = PlotKit.framework; sourceTree = "<group>"; };
		61CE4C361BED89EB000E0D34 /* PlotKit.framework.dSYM */ = {isa = PBXFileReference; lastKnownFileType = wrapper.dsym; path = PlotKit.framework.dSYM; sourceTree = "<group>"; };
		61CE4C371BED89EB000E0D34 /* Upsurge.framework */ = {isa = PBXFileReference; lastKnownFileType = wrapper.framework; path = Upsurge.framework; sourceTree = "<group>"; };
		61CE4C381BED89EB000E0D34 /* Upsurge.framework.dSYM */ = {isa = PBXFileReference; lastKnownFileType = wrapper.dsym; path = Upsurge.framework.dSYM; sourceTree = "<group>"; };
		61CE4C3A1BED89EB000E0D34 /* 205392F3-3685-3418-8CE5-46A47557D8F5.bcsymbolmap */ = {isa = PBXFileReference; fileEncoding = 4; lastKnownFileType = text; path = "205392F3-3685-3418-8CE5-46A47557D8F5.bcsymbolmap"; sourceTree = "<group>"; };
		61CE4C3B1BED89EB000E0D34 /* 2E1AC23A-4BDF-3FE2-AECB-E13DEA3DC956.bcsymbolmap */ = {isa = PBXFileReference; fileEncoding = 4; lastKnownFileType = text; path = "2E1AC23A-4BDF-3FE2-AECB-E13DEA3DC956.bcsymbolmap"; sourceTree = "<group>"; };
		61CE4C3C1BED89EB000E0D34 /* 349795F1-D043-3D78-A593-D66CEFF5E0D2.bcsymbolmap */ = {isa = PBXFileReference; fileEncoding = 4; lastKnownFileType = text; path = "349795F1-D043-3D78-A593-D66CEFF5E0D2.bcsymbolmap"; sourceTree = "<group>"; };
		61CE4C3D1BED89EB000E0D34 /* 9CB7D3EE-F803-3A83-AB79-3150A22C770A.bcsymbolmap */ = {isa = PBXFileReference; fileEncoding = 4; lastKnownFileType = text; path = "9CB7D3EE-F803-3A83-AB79-3150A22C770A.bcsymbolmap"; sourceTree = "<group>"; };
		61CE4C3E1BED89EB000E0D34 /* BrainCore.framework */ = {isa = PBXFileReference; lastKnownFileType = wrapper.framework; path = BrainCore.framework; sourceTree = "<group>"; };
		61CE4C3F1BED89EB000E0D34 /* BrainCore.framework.dSYM */ = {isa = PBXFileReference; lastKnownFileType = wrapper.dsym; path = BrainCore.framework.dSYM; sourceTree = "<group>"; };
		61CE4C401BED89EB000E0D34 /* C92C07B4-9AB4-378F-A269-3FFB51D5EBCC.bcsymbolmap */ = {isa = PBXFileReference; fileEncoding = 4; lastKnownFileType = text; path = "C92C07B4-9AB4-378F-A269-3FFB51D5EBCC.bcsymbolmap"; sourceTree = "<group>"; };
		61CE4C411BED89EB000E0D34 /* D7DCD750-DD88-39E4-89CE-7F4BC3957CC9.bcsymbolmap */ = {isa = PBXFileReference; fileEncoding = 4; lastKnownFileType = text; path = "D7DCD750-DD88-39E4-89CE-7F4BC3957CC9.bcsymbolmap"; sourceTree = "<group>"; };
		61CE4C421BED89EB000E0D34 /* E2CAF4DA-3F12-3084-9A7A-81AFDB31F31C.bcsymbolmap */ = {isa = PBXFileReference; fileEncoding = 4; lastKnownFileType = text; path = "E2CAF4DA-3F12-3084-9A7A-81AFDB31F31C.bcsymbolmap"; sourceTree = "<group>"; };
		61CE4C431BED89EB000E0D34 /* FDAC4DD9-215E-3BA9-B9D0-5DF28AEE771D.bcsymbolmap */ = {isa = PBXFileReference; fileEncoding = 4; lastKnownFileType = text; path = "FDAC4DD9-215E-3BA9-B9D0-5DF28AEE771D.bcsymbolmap"; sourceTree = "<group>"; };
		61CE4C441BED89EB000E0D34 /* HDF5Kit.framework */ = {isa = PBXFileReference; lastKnownFileType = wrapper.framework; path = HDF5Kit.framework; sourceTree = "<group>"; };
		61CE4C451BED89EB000E0D34 /* HDF5Kit.framework.dSYM */ = {isa = PBXFileReference; lastKnownFileType = wrapper.dsym; path = HDF5Kit.framework.dSYM; sourceTree = "<group>"; };
		61CE4C461BED89EB000E0D34 /* Peak.framework */ = {isa = PBXFileReference; lastKnownFileType = wrapper.framework; path = Peak.framework; sourceTree = "<group>"; };
		61CE4C471BED89EB000E0D34 /* Peak.framework.dSYM */ = {isa = PBXFileReference; lastKnownFileType = wrapper.dsym; path = Peak.framework.dSYM; sourceTree = "<group>"; };
		61CE4C481BED89EB000E0D34 /* Upsurge.framework */ = {isa = PBXFileReference; lastKnownFileType = wrapper.framework; path = Upsurge.framework; sourceTree = "<group>"; };
		61CE4C491BED89EB000E0D34 /* Upsurge.framework.dSYM */ = {isa = PBXFileReference; lastKnownFileType = wrapper.dsym; path = Upsurge.framework.dSYM; sourceTree = "<group>"; };
		61CE4C5B1BED8B36000E0D34 /* Peak.framework */ = {isa = PBXFileReference; lastKnownFileType = wrapper.framework; name = Peak.framework; path = ../Carthage/Checkouts/Peak/build/Debug/Peak.framework; sourceTree = "<group>"; };
		61D485AC1BC4A3D70086CED8 /* Shuffle.swift */ = {isa = PBXFileReference; fileEncoding = 4; lastKnownFileType = sourcecode.swift; path = Shuffle.swift; sourceTree = "<group>"; };
		61EB527D1BD55F90000572B9 /* Stats.swift */ = {isa = PBXFileReference; fileEncoding = 4; lastKnownFileType = sourcecode.swift; path = Stats.swift; sourceTree = "<group>"; };
		61EB527F1BD56BC6000572B9 /* AppKit.framework */ = {isa = PBXFileReference; lastKnownFileType = wrapper.framework; name = AppKit.framework; path = System/Library/Frameworks/AppKit.framework; sourceTree = SDKROOT; };
		61EB52851BD6C117000572B9 /* FeatureExtractionPlayground.playground */ = {isa = PBXFileReference; lastKnownFileType = file.playground; name = FeatureExtractionPlayground.playground; path = ../Playgrounds/FeatureExtractionPlayground.playground; sourceTree = "<group>"; };
		8C56779A1BE9600C0009ED31 /* FeatureData.swift */ = {isa = PBXFileReference; fileEncoding = 4; lastKnownFileType = sourcecode.swift; path = FeatureData.swift; sourceTree = "<group>"; };
		8C56779C1BE9731E0009ED31 /* FeatureBuilder.swift */ = {isa = PBXFileReference; fileEncoding = 4; lastKnownFileType = sourcecode.swift; path = FeatureBuilder.swift; sourceTree = "<group>"; };
		8C78456F1BB9B06600C88426 /* FeatureExtraction.framework */ = {isa = PBXFileReference; explicitFileType = wrapper.framework; includeInIndex = 0; path = FeatureExtraction.framework; sourceTree = BUILT_PRODUCTS_DIR; };
		8C7845721BB9B06600C88426 /* FeatureExtraction.h */ = {isa = PBXFileReference; lastKnownFileType = sourcecode.c.h; path = FeatureExtraction.h; sourceTree = "<group>"; };
		8C7845741BB9B06600C88426 /* Info.plist */ = {isa = PBXFileReference; lastKnownFileType = text.plist.xml; path = Info.plist; sourceTree = "<group>"; };
		8C7845791BB9B06600C88426 /* FeatureExtraction.xctest */ = {isa = PBXFileReference; explicitFileType = wrapper.cfbundle; includeInIndex = 0; path = FeatureExtraction.xctest; sourceTree = BUILT_PRODUCTS_DIR; };
		8C7845801BB9B06600C88426 /* Info.plist */ = {isa = PBXFileReference; lastKnownFileType = text.plist.xml; path = Info.plist; sourceTree = "<group>"; };
		8C7E7ABA1BBB37CC00BBC93C /* PeakExtractor.swift */ = {isa = PBXFileReference; fileEncoding = 4; lastKnownFileType = sourcecode.swift; path = PeakExtractor.swift; sourceTree = "<group>"; };
		8C9700371BDFDCB4002A81A3 /* PrepareAudio */ = {isa = PBXFileReference; explicitFileType = "compiled.mach-o.executable"; includeInIndex = 0; path = PrepareAudio; sourceTree = BUILT_PRODUCTS_DIR; };
		8C9700391BDFDCB4002A81A3 /* main.swift */ = {isa = PBXFileReference; lastKnownFileType = sourcecode.swift; path = main.swift; sourceTree = "<group>"; };
		8C9700EE1BE12C00002A81A3 /* PolyExampleBuilder.swift */ = {isa = PBXFileReference; fileEncoding = 4; lastKnownFileType = sourcecode.swift; path = PolyExampleBuilder.swift; sourceTree = "<group>"; };
		8CDA0EF31BB9BA4300433755 /* Utilities.swift */ = {isa = PBXFileReference; fileEncoding = 4; lastKnownFileType = sourcecode.swift; path = Utilities.swift; sourceTree = "<group>"; };
		8CDA0EF51BB9C60800433755 /* DistancePeakExtractionTests.swift */ = {isa = PBXFileReference; fileEncoding = 4; lastKnownFileType = sourcecode.swift; path = DistancePeakExtractionTests.swift; sourceTree = "<group>"; };
		8CDE478A1BBF116900A98419 /* CompileFeatures */ = {isa = PBXFileReference; explicitFileType = "compiled.mach-o.executable"; includeInIndex = 0; path = CompileFeatures; sourceTree = BUILT_PRODUCTS_DIR; };
		8CDE47921BBF117C00A98419 /* MonoExampleBuilder.swift */ = {isa = PBXFileReference; fileEncoding = 4; lastKnownFileType = sourcecode.swift; path = MonoExampleBuilder.swift; sourceTree = "<group>"; };
		8CDE47941BBF117C00A98419 /* FeatureCompiler.swift */ = {isa = PBXFileReference; fileEncoding = 4; lastKnownFileType = sourcecode.swift; path = FeatureCompiler.swift; sourceTree = "<group>"; };
		8CDE479B1BBF11A000A98419 /* main.swift */ = {isa = PBXFileReference; fileEncoding = 4; lastKnownFileType = sourcecode.swift; path = main.swift; sourceTree = "<group>"; };
		8CDE479F1BBF2FA000A98419 /* String+Paths.swift */ = {isa = PBXFileReference; fileEncoding = 4; lastKnownFileType = sourcecode.swift; path = "String+Paths.swift"; sourceTree = "<group>"; };
		8CDE47FB1BBF3A6000A98419 /* Accelerate.framework */ = {isa = PBXFileReference; lastKnownFileType = wrapper.framework; name = Accelerate.framework; path = System/Library/Frameworks/Accelerate.framework; sourceTree = SDKROOT; };
		8CDE47FD1BBF3A8400A98419 /* Foundation.framework */ = {isa = PBXFileReference; lastKnownFileType = wrapper.framework; name = Foundation.framework; path = System/Library/Frameworks/Foundation.framework; sourceTree = SDKROOT; };
		974BAC90745AC6F802C9D445 /* Pods_iOS.framework */ = {isa = PBXFileReference; explicitFileType = wrapper.framework; includeInIndex = 0; path = Pods_iOS.framework; sourceTree = BUILT_PRODUCTS_DIR; };
		D3C00C05497A6CBB3AB74FF6 /* Pods_OSX.framework */ = {isa = PBXFileReference; explicitFileType = wrapper.framework; includeInIndex = 0; path = Pods_OSX.framework; sourceTree = BUILT_PRODUCTS_DIR; };
/* End PBXFileReference section */

/* Begin PBXFrameworksBuildPhase section */
		6185A7751BD337E100CD5FC5 /* Frameworks */ = {
			isa = PBXFrameworksBuildPhase;
			buildActionMask = 2147483647;
			files = (
				61CE4C5E1BED8BB6000E0D34 /* BrainCore.framework in Frameworks */,
				61CE4C5A1BED8A4F000E0D34 /* Upsurge.framework in Frameworks */,
				61CE4C591BED8A48000E0D34 /* HDF5Kit.framework in Frameworks */,
			);
			runOnlyForDeploymentPostprocessing = 0;
		};
		61A46BC51BDEC578001D2288 /* Frameworks */ = {
			isa = PBXFrameworksBuildPhase;
			buildActionMask = 2147483647;
			files = (
				61CE4C571BED8A33000E0D34 /* Upsurge.framework in Frameworks */,
				61CE4C541BED8A0D000E0D34 /* HDF5Kit.framework in Frameworks */,
				61CE4C561BED8A29000E0D34 /* PlotKit.framework in Frameworks */,
				61CE4C5D1BED8B42000E0D34 /* Peak.framework in Frameworks */,
			);
			runOnlyForDeploymentPostprocessing = 0;
		};
		8C78456B1BB9B06600C88426 /* Frameworks */ = {
			isa = PBXFrameworksBuildPhase;
			buildActionMask = 2147483647;
			files = (
				61CE4C4E1BED89EB000E0D34 /* Upsurge.framework in Frameworks */,
				61CE4C4B1BED89EB000E0D34 /* HDF5Kit.framework in Frameworks */,
			);
			runOnlyForDeploymentPostprocessing = 0;
		};
		8C7845761BB9B06600C88426 /* Frameworks */ = {
			isa = PBXFrameworksBuildPhase;
			buildActionMask = 2147483647;
			files = (
				8C78457A1BB9B06600C88426 /* FeatureExtraction.framework in Frameworks */,
			);
			runOnlyForDeploymentPostprocessing = 0;
		};
		8CDE47871BBF116900A98419 /* Frameworks */ = {
			isa = PBXFrameworksBuildPhase;
			buildActionMask = 2147483647;
			files = (
				61CE4C581BED8A34000E0D34 /* Upsurge.framework in Frameworks */,
				61CE4C531BED8A09000E0D34 /* HDF5Kit.framework in Frameworks */,
				8CDE47EF1BBF39C800A98419 /* FeatureExtraction.framework in Frameworks */,
				61CE4C551BED8A22000E0D34 /* Peak.framework in Frameworks */,
			);
			runOnlyForDeploymentPostprocessing = 0;
		};
/* End PBXFrameworksBuildPhase section */

/* Begin PBXGroup section */
		610AAB511BD98823008CC910 /* Data */ = {
			isa = PBXGroup;
			children = (
				6185AA091BD411A400CD5FC5 /* testing.h5 */,
				6185AA0A1BD411A400CD5FC5 /* training.h5 */,
				6185AA071BD4118A00CD5FC5 /* net.h5 */,
			);
			name = Data;
			sourceTree = "<group>";
		};
		6185A7791BD337E100CD5FC5 /* NetEval */ = {
			isa = PBXGroup;
			children = (
				610AAB511BD98823008CC910 /* Data */,
				6185A78A1BD337FB00CD5FC5 /* Net.swift */,
				61EB527D1BD55F90000572B9 /* Stats.swift */,
				6185A77A1BD337E100CD5FC5 /* AppDelegate.swift */,
				6185A77C1BD337E100CD5FC5 /* ViewController.swift */,
				6185A77E1BD337E100CD5FC5 /* Main.storyboard */,
				6185A7811BD337E100CD5FC5 /* Assets.xcassets */,
				6185A7831BD337E100CD5FC5 /* LaunchScreen.storyboard */,
				6185A7861BD337E100CD5FC5 /* Info.plist */,
			);
			path = NetEval;
			sourceTree = "<group>";
		};
		618B7E2F1BBF4A8F0011E8D3 /* Dependencies */ = {
			isa = PBXGroup;
			children = (
				61CE4C2E1BED89EB000E0D34 /* Mac */,
				61CE4C391BED89EB000E0D34 /* iOS */,
				8CDE47FB1BBF3A6000A98419 /* Accelerate.framework */,
				8CDE47FD1BBF3A8400A98419 /* Foundation.framework */,
			);
			name = Dependencies;
			sourceTree = "<group>";
		};
		61A46BC91BDEC578001D2288 /* FeatureExplorer */ = {
			isa = PBXGroup;
			children = (
				6156938C1BE843C70094E204 /* Configuration.swift */,
				61A46BCA1BDEC578001D2288 /* AppDelegate.swift */,
				61A46BFD1BDED992001D2288 /* MainViewController.swift */,
				61A46BFF1BDEE0BA001D2288 /* FilesystemViewController.swift */,
				6156937A1BE82C5A0094E204 /* FileViewController.swift */,
				615693881BE82F6A0094E204 /* FeaturesViewController.swift */,
				6156938A1BE83D4C0094E204 /* SpectrumViewController.swift */,
				6126D7161BE976D9007F8BE4 /* PeakHeightsViewController.swift */,
				619297E31BE989EC009A90EB /* PeakLocationsViewController.swift */,
				61A46BCE1BDEC578001D2288 /* Assets.xcassets */,
				61A46BD01BDEC578001D2288 /* Main.storyboard */,
				61A46BD31BDEC578001D2288 /* Info.plist */,
			);
			path = FeatureExplorer;
			sourceTree = "<group>";
		};
		61CE4C2E1BED89EB000E0D34 /* Mac */ = {
			isa = PBXGroup;
			children = (
				61CE4C2F1BED89EB000E0D34 /* BrainCore.framework */,
				61CE4C301BED89EB000E0D34 /* BrainCore.framework.dSYM */,
				61CE4C311BED89EB000E0D34 /* HDF5Kit.framework */,
				61CE4C321BED89EB000E0D34 /* HDF5Kit.framework.dSYM */,
				61CE4C331BED89EB000E0D34 /* Peak.framework */,
				61CE4C341BED89EB000E0D34 /* Peak.framework.dSYM */,
				61CE4C351BED89EB000E0D34 /* PlotKit.framework */,
				61CE4C361BED89EB000E0D34 /* PlotKit.framework.dSYM */,
				61CE4C371BED89EB000E0D34 /* Upsurge.framework */,
				61CE4C381BED89EB000E0D34 /* Upsurge.framework.dSYM */,
			);
			name = Mac;
			path = ../Carthage/Build/Mac;
			sourceTree = "<group>";
		};
		61CE4C391BED89EB000E0D34 /* iOS */ = {
			isa = PBXGroup;
			children = (
				61CE4C3A1BED89EB000E0D34 /* 205392F3-3685-3418-8CE5-46A47557D8F5.bcsymbolmap */,
				61CE4C3B1BED89EB000E0D34 /* 2E1AC23A-4BDF-3FE2-AECB-E13DEA3DC956.bcsymbolmap */,
				61CE4C3C1BED89EB000E0D34 /* 349795F1-D043-3D78-A593-D66CEFF5E0D2.bcsymbolmap */,
				61CE4C3D1BED89EB000E0D34 /* 9CB7D3EE-F803-3A83-AB79-3150A22C770A.bcsymbolmap */,
				61CE4C3E1BED89EB000E0D34 /* BrainCore.framework */,
				61CE4C3F1BED89EB000E0D34 /* BrainCore.framework.dSYM */,
				61CE4C401BED89EB000E0D34 /* C92C07B4-9AB4-378F-A269-3FFB51D5EBCC.bcsymbolmap */,
				61CE4C411BED89EB000E0D34 /* D7DCD750-DD88-39E4-89CE-7F4BC3957CC9.bcsymbolmap */,
				61CE4C421BED89EB000E0D34 /* E2CAF4DA-3F12-3084-9A7A-81AFDB31F31C.bcsymbolmap */,
				61CE4C431BED89EB000E0D34 /* FDAC4DD9-215E-3BA9-B9D0-5DF28AEE771D.bcsymbolmap */,
				61CE4C441BED89EB000E0D34 /* HDF5Kit.framework */,
				61CE4C451BED89EB000E0D34 /* HDF5Kit.framework.dSYM */,
				61CE4C461BED89EB000E0D34 /* Peak.framework */,
				61CE4C471BED89EB000E0D34 /* Peak.framework.dSYM */,
				61CE4C481BED89EB000E0D34 /* Upsurge.framework */,
				61CE4C491BED89EB000E0D34 /* Upsurge.framework.dSYM */,
			);
			name = iOS;
			path = ../Carthage/Build/iOS;
			sourceTree = "<group>";
		};
		8C7845651BB9B06600C88426 = {
			isa = PBXGroup;
			children = (
				61EB52851BD6C117000572B9 /* FeatureExtractionPlayground.playground */,
				8C7845711BB9B06600C88426 /* FeatureExtraction */,
				8C78457D1BB9B06600C88426 /* FeatureExtractionTests */,
				8CDE478B1BBF116900A98419 /* CompileFeatures */,
				61A46BC91BDEC578001D2288 /* FeatureExplorer */,
				6185A7791BD337E100CD5FC5 /* NetEval */,
				8C9700381BDFDCB4002A81A3 /* PrepareAudio */,
				618B7E2F1BBF4A8F0011E8D3 /* Dependencies */,
				8C7845701BB9B06600C88426 /* Products */,
				B5F7CD465AC17DFE1FC7BC55 /* Frameworks */,
			);
			sourceTree = "<group>";
		};
		8C7845701BB9B06600C88426 /* Products */ = {
			isa = PBXGroup;
			children = (
				8C78456F1BB9B06600C88426 /* FeatureExtraction.framework */,
				8C7845791BB9B06600C88426 /* FeatureExtraction.xctest */,
				8CDE478A1BBF116900A98419 /* CompileFeatures */,
				6185A7781BD337E100CD5FC5 /* NetEval.app */,
				8C9700371BDFDCB4002A81A3 /* PrepareAudio */,
				61A46BC81BDEC578001D2288 /* FeatureExplorer.app */,
			);
			name = Products;
			sourceTree = "<group>";
		};
		8C7845711BB9B06600C88426 /* FeatureExtraction */ = {
			isa = PBXGroup;
			children = (
				8C7845721BB9B06600C88426 /* FeatureExtraction.h */,
				8C7845741BB9B06600C88426 /* Info.plist */,
				8CDA0EF31BB9BA4300433755 /* Utilities.swift */,
				8C7E7ABA1BBB37CC00BBC93C /* PeakExtractor.swift */,
				61BBAF6E1BC43BF800A03FD0 /* Example.swift */,
				8C56779C1BE9731E0009ED31 /* FeatureBuilder.swift */,
				61AD3A621BEBDD5500FA2DB7 /* FeatureDatabase.swift */,
				8C56779A1BE9600C0009ED31 /* FeatureData.swift */,
				61BBAF671BC43A7300A03FD0 /* Feature.swift */,
				6122EF441BD81CE9001AE862 /* BandsFeature.swift */,
				61BBAF701BC43F8100A03FD0 /* RMSFeature.swift */,
				61BBAF721BC4408300A03FD0 /* PeakLocationsFeature.swift */,
				61BBAF741BC4408F00A03FD0 /* PeakHeightsFeature.swift */,
				61BBAF761BC440A800A03FD0 /* SpectrumFeature.swift */,
				6122EF421BD80C6C001AE862 /* BandFluxesFeature.swift */,
				61D485AC1BC4A3D70086CED8 /* Shuffle.swift */,
				610AAB841BDABEFA008CC910 /* Point.swift */,
				618ACC0B1BE0686D008C23A8 /* Note.swift */,
			);
			path = FeatureExtraction;
			sourceTree = "<group>";
		};
		8C78457D1BB9B06600C88426 /* FeatureExtractionTests */ = {
			isa = PBXGroup;
			children = (
				8C7845801BB9B06600C88426 /* Info.plist */,
				8CDA0EF51BB9C60800433755 /* DistancePeakExtractionTests.swift */,
				610AAB661BD99737008CC910 /* NoteTests.swift */,
			);
			path = FeatureExtractionTests;
			sourceTree = "<group>";
		};
		8C9700381BDFDCB4002A81A3 /* PrepareAudio */ = {
			isa = PBXGroup;
			children = (
				8C9700391BDFDCB4002A81A3 /* main.swift */,
			);
			path = PrepareAudio;
			sourceTree = "<group>";
		};
		8CDE478B1BBF116900A98419 /* CompileFeatures */ = {
			isa = PBXGroup;
			children = (
				8CDE479B1BBF11A000A98419 /* main.swift */,
				8CDE47941BBF117C00A98419 /* FeatureCompiler.swift */,
				8CDE47921BBF117C00A98419 /* MonoExampleBuilder.swift */,
				8C9700EE1BE12C00002A81A3 /* PolyExampleBuilder.swift */,
				8CDE479F1BBF2FA000A98419 /* String+Paths.swift */,
			);
			path = CompileFeatures;
			sourceTree = "<group>";
		};
		B5F7CD465AC17DFE1FC7BC55 /* Frameworks */ = {
			isa = PBXGroup;
			children = (
				61CE4C5B1BED8B36000E0D34 /* Peak.framework */,
				61A46BEC1BDEC59F001D2288 /* PlotKit.framework */,
				61EB527F1BD56BC6000572B9 /* AppKit.framework */,
				D3C00C05497A6CBB3AB74FF6 /* Pods_OSX.framework */,
				974BAC90745AC6F802C9D445 /* Pods_iOS.framework */,
			);
			name = Frameworks;
			sourceTree = "<group>";
		};
/* End PBXGroup section */

/* Begin PBXHeadersBuildPhase section */
		8C78456C1BB9B06600C88426 /* Headers */ = {
			isa = PBXHeadersBuildPhase;
			buildActionMask = 2147483647;
			files = (
				8C7845731BB9B06600C88426 /* FeatureExtraction.h in Headers */,
			);
			runOnlyForDeploymentPostprocessing = 0;
		};
/* End PBXHeadersBuildPhase section */

/* Begin PBXNativeTarget section */
		6185A7771BD337E100CD5FC5 /* NetEval */ = {
			isa = PBXNativeTarget;
			buildConfigurationList = 6185A7871BD337E100CD5FC5 /* Build configuration list for PBXNativeTarget "NetEval" */;
			buildPhases = (
				6185A7741BD337E100CD5FC5 /* Sources */,
				6185A7751BD337E100CD5FC5 /* Frameworks */,
				6185A7761BD337E100CD5FC5 /* Resources */,
				61C97C921BD867CF00DE88E6 /* Embed Frameworks */,
			);
			buildRules = (
			);
			dependencies = (
			);
			name = NetEval;
			productName = NetEval;
			productReference = 6185A7781BD337E100CD5FC5 /* NetEval.app */;
			productType = "com.apple.product-type.application";
		};
		61A46BC71BDEC578001D2288 /* FeatureExplorer */ = {
			isa = PBXNativeTarget;
			buildConfigurationList = 61A46BE21BDEC578001D2288 /* Build configuration list for PBXNativeTarget "FeatureExplorer" */;
			buildPhases = (
				61A46BC41BDEC578001D2288 /* Sources */,
				61A46BC51BDEC578001D2288 /* Frameworks */,
				61A46BC61BDEC578001D2288 /* Resources */,
			);
			buildRules = (
			);
			dependencies = (
				61A46BE41BDEC58F001D2288 /* PBXTargetDependency */,
				61A46BE81BDEC58F001D2288 /* PBXTargetDependency */,
			);
			name = FeatureExplorer;
			productName = FeatureExplorer;
			productReference = 61A46BC81BDEC578001D2288 /* FeatureExplorer.app */;
			productType = "com.apple.product-type.application";
		};
		8C78456E1BB9B06600C88426 /* FeatureExtraction */ = {
			isa = PBXNativeTarget;
			buildConfigurationList = 8C7845831BB9B06600C88426 /* Build configuration list for PBXNativeTarget "FeatureExtraction" */;
			buildPhases = (
				8C78456A1BB9B06600C88426 /* Sources */,
				8C78456B1BB9B06600C88426 /* Frameworks */,
				8C78456C1BB9B06600C88426 /* Headers */,
			);
			buildRules = (
			);
			dependencies = (
			);
			name = FeatureExtraction;
			productName = FeatureExtraction;
			productReference = 8C78456F1BB9B06600C88426 /* FeatureExtraction.framework */;
			productType = "com.apple.product-type.framework";
		};
		8C7845781BB9B06600C88426 /* FeatureExtractionTests */ = {
			isa = PBXNativeTarget;
			buildConfigurationList = 8C7845861BB9B06600C88426 /* Build configuration list for PBXNativeTarget "FeatureExtractionTests" */;
			buildPhases = (
				8C7845751BB9B06600C88426 /* Sources */,
				8C7845761BB9B06600C88426 /* Frameworks */,
				8C7845771BB9B06600C88426 /* Resources */,
			);
			buildRules = (
			);
			dependencies = (
				8C78457C1BB9B06600C88426 /* PBXTargetDependency */,
			);
			name = FeatureExtractionTests;
			productName = FeatureExtractionTests;
			productReference = 8C7845791BB9B06600C88426 /* FeatureExtraction.xctest */;
			productType = "com.apple.product-type.bundle.unit-test";
		};
		8C9700361BDFDCB4002A81A3 /* PrepareAudio */ = {
			isa = PBXNativeTarget;
			buildConfigurationList = 8C97003B1BDFDCB4002A81A3 /* Build configuration list for PBXNativeTarget "PrepareAudio" */;
			buildPhases = (
				8C9700331BDFDCB4002A81A3 /* Sources */,
			);
			buildRules = (
			);
			dependencies = (
			);
			name = PrepareAudio;
			productName = PrepareAudio;
			productReference = 8C9700371BDFDCB4002A81A3 /* PrepareAudio */;
			productType = "com.apple.product-type.tool";
		};
		8CDE47891BBF116900A98419 /* CompileFeatures */ = {
			isa = PBXNativeTarget;
			buildConfigurationList = 8CDE47901BBF116900A98419 /* Build configuration list for PBXNativeTarget "CompileFeatures" */;
			buildPhases = (
				8CDE47861BBF116900A98419 /* Sources */,
				8CDE47871BBF116900A98419 /* Frameworks */,
				8CDE47881BBF116900A98419 /* CopyFiles */,
			);
			buildRules = (
			);
			dependencies = (
				8CDE47F41BBF39D500A98419 /* PBXTargetDependency */,
			);
			name = CompileFeatures;
			productName = CompileFeatures;
			productReference = 8CDE478A1BBF116900A98419 /* CompileFeatures */;
			productType = "com.apple.product-type.tool";
		};
/* End PBXNativeTarget section */

/* Begin PBXProject section */
		8C7845661BB9B06600C88426 /* Project object */ = {
			isa = PBXProject;
			attributes = {
				LastSwiftUpdateCheck = 0710;
				LastUpgradeCheck = 0700;
				ORGANIZATIONNAME = "Venture Media";
				TargetAttributes = {
					6185A7771BD337E100CD5FC5 = {
						CreatedOnToolsVersion = 7.0.1;
					};
					61A46BC71BDEC578001D2288 = {
						CreatedOnToolsVersion = 7.1;
					};
					8C78456E1BB9B06600C88426 = {
						CreatedOnToolsVersion = 7.0;
					};
					8C7845781BB9B06600C88426 = {
						CreatedOnToolsVersion = 7.0;
					};
					8C9700361BDFDCB4002A81A3 = {
						CreatedOnToolsVersion = 7.0.1;
					};
					8CDE47891BBF116900A98419 = {
						CreatedOnToolsVersion = 7.0.1;
					};
				};
			};
			buildConfigurationList = 8C7845691BB9B06600C88426 /* Build configuration list for PBXProject "AudioFeatures" */;
			compatibilityVersion = "Xcode 3.2";
			developmentRegion = English;
			hasScannedForEncodings = 0;
			knownRegions = (
				en,
				Base,
			);
			mainGroup = 8C7845651BB9B06600C88426;
			productRefGroup = 8C7845701BB9B06600C88426 /* Products */;
			projectDirPath = "";
			projectRoot = "";
			targets = (
				8C78456E1BB9B06600C88426 /* FeatureExtraction */,
				8C7845781BB9B06600C88426 /* FeatureExtractionTests */,
				8CDE47891BBF116900A98419 /* CompileFeatures */,
				6185A7771BD337E100CD5FC5 /* NetEval */,
				8C9700361BDFDCB4002A81A3 /* PrepareAudio */,
				61A46BC71BDEC578001D2288 /* FeatureExplorer */,
			);
		};
/* End PBXProject section */

/* Begin PBXResourcesBuildPhase section */
		6185A7761BD337E100CD5FC5 /* Resources */ = {
			isa = PBXResourcesBuildPhase;
			buildActionMask = 2147483647;
			files = (
				6185AA081BD4118A00CD5FC5 /* net.h5 in Resources */,
				6185A7851BD337E100CD5FC5 /* LaunchScreen.storyboard in Resources */,
				6185A7821BD337E100CD5FC5 /* Assets.xcassets in Resources */,
				6185AA0B1BD411A400CD5FC5 /* testing.h5 in Resources */,
				6185AA0C1BD411A400CD5FC5 /* training.h5 in Resources */,
				6185A7801BD337E100CD5FC5 /* Main.storyboard in Resources */,
			);
			runOnlyForDeploymentPostprocessing = 0;
		};
		61A46BC61BDEC578001D2288 /* Resources */ = {
			isa = PBXResourcesBuildPhase;
			buildActionMask = 2147483647;
			files = (
				61A46BCF1BDEC578001D2288 /* Assets.xcassets in Resources */,
				61A46BD21BDEC578001D2288 /* Main.storyboard in Resources */,
			);
			runOnlyForDeploymentPostprocessing = 0;
		};
		8C7845771BB9B06600C88426 /* Resources */ = {
			isa = PBXResourcesBuildPhase;
			buildActionMask = 2147483647;
			files = (
			);
			runOnlyForDeploymentPostprocessing = 0;
		};
/* End PBXResourcesBuildPhase section */

/* Begin PBXSourcesBuildPhase section */
		6185A7741BD337E100CD5FC5 /* Sources */ = {
			isa = PBXSourcesBuildPhase;
			buildActionMask = 2147483647;
			files = (
				6185A77D1BD337E100CD5FC5 /* ViewController.swift in Sources */,
				61EB527E1BD55F90000572B9 /* Stats.swift in Sources */,
				6185A78B1BD337FB00CD5FC5 /* Net.swift in Sources */,
				6185A77B1BD337E100CD5FC5 /* AppDelegate.swift in Sources */,
			);
			runOnlyForDeploymentPostprocessing = 0;
		};
		61A46BC41BDEC578001D2288 /* Sources */ = {
			isa = PBXSourcesBuildPhase;
			buildActionMask = 2147483647;
			files = (
				615693891BE82F6A0094E204 /* FeaturesViewController.swift in Sources */,
				61A46BFE1BDED992001D2288 /* MainViewController.swift in Sources */,
				6156938D1BE843C70094E204 /* Configuration.swift in Sources */,
				61A46C001BDEE0BA001D2288 /* FilesystemViewController.swift in Sources */,
				6156937B1BE82C5A0094E204 /* FileViewController.swift in Sources */,
				619297E41BE989EC009A90EB /* PeakLocationsViewController.swift in Sources */,
				61A46BCB1BDEC578001D2288 /* AppDelegate.swift in Sources */,
				6126D7171BE976D9007F8BE4 /* PeakHeightsViewController.swift in Sources */,
				6156938B1BE83D4C0094E204 /* SpectrumViewController.swift in Sources */,
			);
			runOnlyForDeploymentPostprocessing = 0;
		};
		8C78456A1BB9B06600C88426 /* Sources */ = {
			isa = PBXSourcesBuildPhase;
			buildActionMask = 2147483647;
			files = (
				8C56779E1BE976140009ED31 /* FeatureBuilder.swift in Sources */,
				61AD3A631BEBDD5500FA2DB7 /* FeatureDatabase.swift in Sources */,
				61BBAF771BC440A800A03FD0 /* SpectrumFeature.swift in Sources */,
				61BBAF751BC4408F00A03FD0 /* PeakHeightsFeature.swift in Sources */,
				61BBAF731BC4408300A03FD0 /* PeakLocationsFeature.swift in Sources */,
				61BBAF681BC43A7300A03FD0 /* Feature.swift in Sources */,
				610AAB851BDABEFA008CC910 /* Point.swift in Sources */,
				8C7E7ABB1BBB37CC00BBC93C /* PeakExtractor.swift in Sources */,
				6122EF431BD80C6C001AE862 /* BandFluxesFeature.swift in Sources */,
				61D485AD1BC4A3D70086CED8 /* Shuffle.swift in Sources */,
				61BBAF6F1BC43BF800A03FD0 /* Example.swift in Sources */,
				618ACC0C1BE0686D008C23A8 /* Note.swift in Sources */,
				8C56779B1BE9600C0009ED31 /* FeatureData.swift in Sources */,
				8CDA0EF41BB9BA4300433755 /* Utilities.swift in Sources */,
				6122EF451BD81CE9001AE862 /* BandsFeature.swift in Sources */,
				61BBAF711BC43F8100A03FD0 /* RMSFeature.swift in Sources */,
			);
			runOnlyForDeploymentPostprocessing = 0;
		};
		8C7845751BB9B06600C88426 /* Sources */ = {
			isa = PBXSourcesBuildPhase;
			buildActionMask = 2147483647;
			files = (
				610AAB671BD99737008CC910 /* NoteTests.swift in Sources */,
				8CDA0EF61BB9C60800433755 /* DistancePeakExtractionTests.swift in Sources */,
			);
			runOnlyForDeploymentPostprocessing = 0;
		};
		8C9700331BDFDCB4002A81A3 /* Sources */ = {
			isa = PBXSourcesBuildPhase;
			buildActionMask = 2147483647;
			files = (
				8C97003A1BDFDCB4002A81A3 /* main.swift in Sources */,
			);
			runOnlyForDeploymentPostprocessing = 0;
		};
		8CDE47861BBF116900A98419 /* Sources */ = {
			isa = PBXSourcesBuildPhase;
			buildActionMask = 2147483647;
			files = (
				8CDE47981BBF117C00A98419 /* FeatureCompiler.swift in Sources */,
				8CDE47A01BBF2FA000A98419 /* String+Paths.swift in Sources */,
				8CDE47961BBF117C00A98419 /* MonoExampleBuilder.swift in Sources */,
				8CDE479C1BBF11A000A98419 /* main.swift in Sources */,
				8C9700EF1BE12C00002A81A3 /* PolyExampleBuilder.swift in Sources */,
			);
			runOnlyForDeploymentPostprocessing = 0;
		};
/* End PBXSourcesBuildPhase section */

/* Begin PBXTargetDependency section */
		61A46BE41BDEC58F001D2288 /* PBXTargetDependency */ = {
			isa = PBXTargetDependency;
			target = 8C78456E1BB9B06600C88426 /* FeatureExtraction */;
			targetProxy = 61A46BE31BDEC58F001D2288 /* PBXContainerItemProxy */;
		};
		61A46BE81BDEC58F001D2288 /* PBXTargetDependency */ = {
			isa = PBXTargetDependency;
			name = "Upsurge OSX";
		};
		8C78457C1BB9B06600C88426 /* PBXTargetDependency */ = {
			isa = PBXTargetDependency;
			target = 8C78456E1BB9B06600C88426 /* FeatureExtraction */;
			targetProxy = 8C78457B1BB9B06600C88426 /* PBXContainerItemProxy */;
		};
		8CDE47F41BBF39D500A98419 /* PBXTargetDependency */ = {
			isa = PBXTargetDependency;
			target = 8C78456E1BB9B06600C88426 /* FeatureExtraction */;
			targetProxy = 8CDE47F31BBF39D500A98419 /* PBXContainerItemProxy */;
		};
/* End PBXTargetDependency section */

/* Begin PBXVariantGroup section */
		6185A77E1BD337E100CD5FC5 /* Main.storyboard */ = {
			isa = PBXVariantGroup;
			children = (
				6185A77F1BD337E100CD5FC5 /* Base */,
			);
			name = Main.storyboard;
			sourceTree = "<group>";
		};
		6185A7831BD337E100CD5FC5 /* LaunchScreen.storyboard */ = {
			isa = PBXVariantGroup;
			children = (
				6185A7841BD337E100CD5FC5 /* Base */,
			);
			name = LaunchScreen.storyboard;
			sourceTree = "<group>";
		};
		61A46BD01BDEC578001D2288 /* Main.storyboard */ = {
			isa = PBXVariantGroup;
			children = (
				61A46BD11BDEC578001D2288 /* Base */,
			);
			name = Main.storyboard;
			sourceTree = "<group>";
		};
/* End PBXVariantGroup section */

/* Begin XCBuildConfiguration section */
		6185A7881BD337E100CD5FC5 /* Debug */ = {
			isa = XCBuildConfiguration;
			buildSettings = {
				ASSETCATALOG_COMPILER_APPICON_NAME = AppIcon;
				"CODE_SIGN_IDENTITY[sdk=iphoneos*]" = "iPhone Developer";
				EMBEDDED_CONTENT_CONTAINS_SWIFT = YES;
				INFOPLIST_FILE = NetEval/Info.plist;
				IPHONEOS_DEPLOYMENT_TARGET = 9.0;
				LD_RUNPATH_SEARCH_PATHS = "$(inherited) @executable_path/Frameworks";
				PRODUCT_BUNDLE_IDENTIFIER = com.venturemedia.NetEval;
				PRODUCT_NAME = "$(TARGET_NAME)";
				SDKROOT = iphoneos;
				TARGETED_DEVICE_FAMILY = "1,2";
			};
			name = Debug;
		};
		6185A7891BD337E100CD5FC5 /* Release */ = {
			isa = XCBuildConfiguration;
			buildSettings = {
				ASSETCATALOG_COMPILER_APPICON_NAME = AppIcon;
				"CODE_SIGN_IDENTITY[sdk=iphoneos*]" = "iPhone Developer";
				EMBEDDED_CONTENT_CONTAINS_SWIFT = YES;
				INFOPLIST_FILE = NetEval/Info.plist;
				IPHONEOS_DEPLOYMENT_TARGET = 9.0;
				LD_RUNPATH_SEARCH_PATHS = "$(inherited) @executable_path/Frameworks";
				PRODUCT_BUNDLE_IDENTIFIER = com.venturemedia.NetEval;
				PRODUCT_NAME = "$(TARGET_NAME)";
				SDKROOT = iphoneos;
				TARGETED_DEVICE_FAMILY = "1,2";
				VALIDATE_PRODUCT = YES;
			};
			name = Release;
		};
		618ACBBD1BE04776008C23A8 /* Debug */ = {
			isa = XCBuildConfiguration;
			buildSettings = {
				COPY_PHASE_STRIP = NO;
				GCC_DYNAMIC_NO_PIC = NO;
				GCC_OPTIMIZATION_LEVEL = 0;
				PRODUCT_NAME = PrepareAudio;
			};
			name = Debug;
		};
		618ACBBE1BE04776008C23A8 /* Release */ = {
			isa = XCBuildConfiguration;
			buildSettings = {
				COPY_PHASE_STRIP = YES;
				DEBUG_INFORMATION_FORMAT = "dwarf-with-dsym";
				PRODUCT_NAME = PrepareAudio;
			};
			name = Release;
		};
		61A46BD41BDEC578001D2288 /* Debug */ = {
			isa = XCBuildConfiguration;
			buildSettings = {
				ASSETCATALOG_COMPILER_APPICON_NAME = AppIcon;
				CODE_SIGN_IDENTITY = "-";
				COMBINE_HIDPI_IMAGES = YES;
				INFOPLIST_FILE = FeatureExplorer/Info.plist;
				LD_RUNPATH_SEARCH_PATHS = "$(inherited) @executable_path/../Frameworks";
				MACOSX_DEPLOYMENT_TARGET = 10.11;
				PRODUCT_BUNDLE_IDENTIFIER = com.venturemedia.FeatureExplorer;
				PRODUCT_NAME = "$(TARGET_NAME)";
			};
			name = Debug;
		};
		61A46BD51BDEC578001D2288 /* Release */ = {
			isa = XCBuildConfiguration;
			buildSettings = {
				ASSETCATALOG_COMPILER_APPICON_NAME = AppIcon;
				CODE_SIGN_IDENTITY = "-";
				COMBINE_HIDPI_IMAGES = YES;
				INFOPLIST_FILE = FeatureExplorer/Info.plist;
				LD_RUNPATH_SEARCH_PATHS = "$(inherited) @executable_path/../Frameworks";
				MACOSX_DEPLOYMENT_TARGET = 10.11;
				PRODUCT_BUNDLE_IDENTIFIER = com.venturemedia.FeatureExplorer;
				PRODUCT_NAME = "$(TARGET_NAME)";
			};
			name = Release;
		};
		8C7845811BB9B06600C88426 /* Debug */ = {
			isa = XCBuildConfiguration;
			buildSettings = {
				ALWAYS_SEARCH_USER_PATHS = NO;
				CLANG_CXX_LANGUAGE_STANDARD = "gnu++0x";
				CLANG_CXX_LIBRARY = "libc++";
				CLANG_ENABLE_MODULES = YES;
				CLANG_ENABLE_OBJC_ARC = YES;
				CLANG_WARN_BOOL_CONVERSION = YES;
				CLANG_WARN_CONSTANT_CONVERSION = YES;
				CLANG_WARN_DIRECT_OBJC_ISA_USAGE = YES_ERROR;
				CLANG_WARN_EMPTY_BODY = YES;
				CLANG_WARN_ENUM_CONVERSION = YES;
				CLANG_WARN_INT_CONVERSION = YES;
				CLANG_WARN_OBJC_ROOT_CLASS = YES_ERROR;
				CLANG_WARN_UNREACHABLE_CODE = YES;
				CLANG_WARN__DUPLICATE_METHOD_MATCH = YES;
				COPY_PHASE_STRIP = NO;
				CURRENT_PROJECT_VERSION = 1;
				DEBUG_INFORMATION_FORMAT = dwarf;
				ENABLE_STRICT_OBJC_MSGSEND = YES;
				ENABLE_TESTABILITY = YES;
				GCC_C_LANGUAGE_STANDARD = gnu99;
				GCC_DYNAMIC_NO_PIC = NO;
				GCC_NO_COMMON_BLOCKS = YES;
				GCC_OPTIMIZATION_LEVEL = 0;
				GCC_PREPROCESSOR_DEFINITIONS = (
					"DEBUG=1",
					"$(inherited)",
				);
				GCC_WARN_64_TO_32_BIT_CONVERSION = YES;
				GCC_WARN_ABOUT_RETURN_TYPE = YES_ERROR;
				GCC_WARN_UNDECLARED_SELECTOR = YES;
				GCC_WARN_UNINITIALIZED_AUTOS = YES_AGGRESSIVE;
				GCC_WARN_UNUSED_FUNCTION = YES;
				GCC_WARN_UNUSED_VARIABLE = YES;
				MACOSX_DEPLOYMENT_TARGET = 10.10;
				MTL_ENABLE_DEBUG_INFO = YES;
				ONLY_ACTIVE_ARCH = YES;
				SDKROOT = macosx;
				SWIFT_OPTIMIZATION_LEVEL = "-Onone";
				VERSIONING_SYSTEM = "apple-generic";
				VERSION_INFO_PREFIX = "";
			};
			name = Debug;
		};
		8C7845821BB9B06600C88426 /* Release */ = {
			isa = XCBuildConfiguration;
			buildSettings = {
				ALWAYS_SEARCH_USER_PATHS = NO;
				CLANG_CXX_LANGUAGE_STANDARD = "gnu++0x";
				CLANG_CXX_LIBRARY = "libc++";
				CLANG_ENABLE_MODULES = YES;
				CLANG_ENABLE_OBJC_ARC = YES;
				CLANG_WARN_BOOL_CONVERSION = YES;
				CLANG_WARN_CONSTANT_CONVERSION = YES;
				CLANG_WARN_DIRECT_OBJC_ISA_USAGE = YES_ERROR;
				CLANG_WARN_EMPTY_BODY = YES;
				CLANG_WARN_ENUM_CONVERSION = YES;
				CLANG_WARN_INT_CONVERSION = YES;
				CLANG_WARN_OBJC_ROOT_CLASS = YES_ERROR;
				CLANG_WARN_UNREACHABLE_CODE = YES;
				CLANG_WARN__DUPLICATE_METHOD_MATCH = YES;
				COPY_PHASE_STRIP = NO;
				CURRENT_PROJECT_VERSION = 1;
				DEBUG_INFORMATION_FORMAT = "dwarf-with-dsym";
				ENABLE_NS_ASSERTIONS = NO;
				ENABLE_STRICT_OBJC_MSGSEND = YES;
				GCC_C_LANGUAGE_STANDARD = gnu99;
				GCC_NO_COMMON_BLOCKS = YES;
				GCC_WARN_64_TO_32_BIT_CONVERSION = YES;
				GCC_WARN_ABOUT_RETURN_TYPE = YES_ERROR;
				GCC_WARN_UNDECLARED_SELECTOR = YES;
				GCC_WARN_UNINITIALIZED_AUTOS = YES_AGGRESSIVE;
				GCC_WARN_UNUSED_FUNCTION = YES;
				GCC_WARN_UNUSED_VARIABLE = YES;
				MACOSX_DEPLOYMENT_TARGET = 10.10;
				MTL_ENABLE_DEBUG_INFO = NO;
				SDKROOT = macosx;
				VERSIONING_SYSTEM = "apple-generic";
				VERSION_INFO_PREFIX = "";
			};
			name = Release;
		};
		8C7845841BB9B06600C88426 /* Debug */ = {
			isa = XCBuildConfiguration;
			buildSettings = {
				CLANG_ENABLE_MODULES = YES;
				COMBINE_HIDPI_IMAGES = YES;
				DEFINES_MODULE = YES;
				DYLIB_COMPATIBILITY_VERSION = 1;
				DYLIB_CURRENT_VERSION = 1;
				DYLIB_INSTALL_NAME_BASE = "@rpath";
				EMBEDDED_CONTENT_CONTAINS_SWIFT = YES;
				FRAMEWORK_VERSION = A;
				INFOPLIST_FILE = FeatureExtraction/Info.plist;
				INSTALL_PATH = "$(LOCAL_LIBRARY_DIR)/Frameworks";
				LD_RUNPATH_SEARCH_PATHS = "$(inherited) @executable_path/../Frameworks @loader_path/Frameworks";
				PRODUCT_BUNDLE_IDENTIFIER = com.venturemedia.FeatureExtraction;
				PRODUCT_NAME = FeatureExtraction;
				SKIP_INSTALL = YES;
				SWIFT_OPTIMIZATION_LEVEL = "-Onone";
			};
			name = Debug;
		};
		8C7845851BB9B06600C88426 /* Release */ = {
			isa = XCBuildConfiguration;
			buildSettings = {
				CLANG_ENABLE_MODULES = YES;
				COMBINE_HIDPI_IMAGES = YES;
				DEFINES_MODULE = YES;
				DYLIB_COMPATIBILITY_VERSION = 1;
				DYLIB_CURRENT_VERSION = 1;
				DYLIB_INSTALL_NAME_BASE = "@rpath";
				EMBEDDED_CONTENT_CONTAINS_SWIFT = YES;
				FRAMEWORK_VERSION = A;
				INFOPLIST_FILE = FeatureExtraction/Info.plist;
				INSTALL_PATH = "$(LOCAL_LIBRARY_DIR)/Frameworks";
				LD_RUNPATH_SEARCH_PATHS = "$(inherited) @executable_path/../Frameworks @loader_path/Frameworks";
				PRODUCT_BUNDLE_IDENTIFIER = com.venturemedia.FeatureExtraction;
				PRODUCT_NAME = FeatureExtraction;
				SKIP_INSTALL = YES;
			};
			name = Release;
		};
		8C7845871BB9B06600C88426 /* Debug */ = {
			isa = XCBuildConfiguration;
			buildSettings = {
				COMBINE_HIDPI_IMAGES = YES;
				INFOPLIST_FILE = FeatureExtractionTests/Info.plist;
				LD_RUNPATH_SEARCH_PATHS = "$(inherited) @executable_path/../Frameworks @loader_path/../Frameworks";
				PRODUCT_BUNDLE_IDENTIFIER = com.venturemedia.FeatureExtractionTests;
				PRODUCT_NAME = FeatureExtraction;
			};
			name = Debug;
		};
		8C7845881BB9B06600C88426 /* Release */ = {
			isa = XCBuildConfiguration;
			buildSettings = {
				COMBINE_HIDPI_IMAGES = YES;
				INFOPLIST_FILE = FeatureExtractionTests/Info.plist;
				LD_RUNPATH_SEARCH_PATHS = "$(inherited) @executable_path/../Frameworks @loader_path/../Frameworks";
				PRODUCT_BUNDLE_IDENTIFIER = com.venturemedia.FeatureExtractionTests;
				PRODUCT_NAME = FeatureExtraction;
			};
			name = Release;
		};
		8CDE478E1BBF116900A98419 /* Debug */ = {
			isa = XCBuildConfiguration;
			buildSettings = {
				LD_RUNPATH_SEARCH_PATHS = "$(inherited) '@executable_path/Frameworks' '@executable_path' '@executable_path/Pods-OSX'";
				MACOSX_DEPLOYMENT_TARGET = 10.11;
				PRODUCT_NAME = "$(TARGET_NAME)";
			};
			name = Debug;
		};
		8CDE478F1BBF116900A98419 /* Release */ = {
			isa = XCBuildConfiguration;
			buildSettings = {
				LD_RUNPATH_SEARCH_PATHS = "$(inherited) '@executable_path/Frameworks' '@executable_path' '@executable_path/Pods-OSX'";
				MACOSX_DEPLOYMENT_TARGET = 10.11;
				PRODUCT_NAME = "$(TARGET_NAME)";
			};
			name = Release;
		};
/* End XCBuildConfiguration section */

/* Begin XCConfigurationList section */
		6185A7871BD337E100CD5FC5 /* Build configuration list for PBXNativeTarget "NetEval" */ = {
			isa = XCConfigurationList;
			buildConfigurations = (
				6185A7881BD337E100CD5FC5 /* Debug */,
				6185A7891BD337E100CD5FC5 /* Release */,
			);
			defaultConfigurationIsVisible = 0;
			defaultConfigurationName = Release;
		};
		61A46BE21BDEC578001D2288 /* Build configuration list for PBXNativeTarget "FeatureExplorer" */ = {
			isa = XCConfigurationList;
			buildConfigurations = (
				61A46BD41BDEC578001D2288 /* Debug */,
				61A46BD51BDEC578001D2288 /* Release */,
			);
			defaultConfigurationIsVisible = 0;
			defaultConfigurationName = Release;
		};
		8C7845691BB9B06600C88426 /* Build configuration list for PBXProject "AudioFeatures" */ = {
			isa = XCConfigurationList;
			buildConfigurations = (
				8C7845811BB9B06600C88426 /* Debug */,
				8C7845821BB9B06600C88426 /* Release */,
			);
			defaultConfigurationIsVisible = 0;
			defaultConfigurationName = Release;
		};
		8C7845831BB9B06600C88426 /* Build configuration list for PBXNativeTarget "FeatureExtraction" */ = {
			isa = XCConfigurationList;
			buildConfigurations = (
				8C7845841BB9B06600C88426 /* Debug */,
				8C7845851BB9B06600C88426 /* Release */,
			);
			defaultConfigurationIsVisible = 0;
			defaultConfigurationName = Release;
		};
		8C7845861BB9B06600C88426 /* Build configuration list for PBXNativeTarget "FeatureExtractionTests" */ = {
			isa = XCConfigurationList;
			buildConfigurations = (
				8C7845871BB9B06600C88426 /* Debug */,
				8C7845881BB9B06600C88426 /* Release */,
			);
			defaultConfigurationIsVisible = 0;
			defaultConfigurationName = Release;
		};
		8C97003B1BDFDCB4002A81A3 /* Build configuration list for PBXNativeTarget "PrepareAudio" */ = {
			isa = XCConfigurationList;
			buildConfigurations = (
				618ACBBD1BE04776008C23A8 /* Debug */,
				618ACBBE1BE04776008C23A8 /* Release */,
			);
			defaultConfigurationIsVisible = 0;
			defaultConfigurationName = Release;
		};
		8CDE47901BBF116900A98419 /* Build configuration list for PBXNativeTarget "CompileFeatures" */ = {
			isa = XCConfigurationList;
			buildConfigurations = (
				8CDE478E1BBF116900A98419 /* Debug */,
				8CDE478F1BBF116900A98419 /* Release */,
			);
			defaultConfigurationIsVisible = 0;
			defaultConfigurationName = Release;
		};
/* End XCConfigurationList section */
	};
	rootObject = 8C7845661BB9B06600C88426 /* Project object */;
}
